
Microsoft Visual Studio Solution File, Format Version 12.00
# Visual Studio 15
Project("{FAE04EC0-301F-11D3-BF4B-00C04F79EFBC}") = "Unity.Timeline", "Unity.Timeline.csproj", "{3A4C2DC1-1F07-E33E-9173-6CA714B754B7}"
EndProject
Project("{FAE04EC0-301F-11D3-BF4B-00C04F79EFBC}") = "UnityEngine.Advertisements.Editor", "UnityEngine.Advertisements.Editor.csproj", "{07B25E2F-82C5-5D73-AE76-FE285E769B88}"
EndProject
Project("{FAE04EC0-301F-11D3-BF4B-00C04F79EFBC}") = "Unity.2D.Aseprite.Editor", "Unity.2D.Aseprite.Editor.csproj", "{E400549B-906E-73FE-5D1C-C92C6246BDF2}"
EndProject
Project("{FAE04EC0-301F-11D3-BF4B-00C04F79EFBC}") = "Unity.Services.Core.Internal", "Unity.Services.Core.Internal.csproj", "{D9307DBE-B791-69CA-C38A-7611CC092EEE}"
EndProject
Project("{FAE04EC0-301F-11D3-BF4B-00C04F79EFBC}") = "Unity.PlasticSCM.Editor", "Unity.PlasticSCM.Editor.csproj", "{C47BAA60-B271-8981-8530-F08D3F36FCFE}"
EndProject
Project("{FAE04EC0-301F-11D3-BF4B-00C04F79EFBC}") = "Unity.Mathematics", "Unity.Mathematics.csproj", "{B408D95F-22B2-C0A6-9E11-CA6B5FB1204C}"
EndProject
Project("{FAE04EC0-301F-11D3-BF4B-00C04F79EFBC}") = "Unity.Timeline.Editor", "Unity.Timeline.Editor.csproj", "{D212B3B1-EF92-20C6-70C7-CF94EA21D358}"
EndProject
Project("{FAE04EC0-301F-11D3-BF4B-00C04F79EFBC}") = "Unity.2D.Psdimporter.Editor", "Unity.2D.Psdimporter.Editor.csproj", "{B2CE7D2A-CFDE-F3C0-FF57-D0C0C420C501}"
EndProject
Project("{FAE04EC0-301F-11D3-BF4B-00C04F79EFBC}") = "Unity.Collections", "Unity.Collections.csproj", "{A08C481F-EAC7-109B-9256-59D08477D2E2}"
EndProject
Project("{FAE04EC0-301F-11D3-BF4B-00C04F79EFBC}") = "Unity.2D.IK.Runtime", "Unity.2D.IK.Runtime.csproj", "{A69D2346-9344-317B-26B8-A8A9D3B8981D}"
EndProject
Project("{FAE04EC0-301F-11D3-BF4B-00C04F79EFBC}") = "UnityEngine.Advertisements", "UnityEngine.Advertisements.csproj", "{08BDD285-4183-92B8-910B-28002FB2C4E4}"
EndProject
Project("{FAE04EC0-301F-11D3-BF4B-00C04F79EFBC}") = "UnityEngine.Purchasing.Stores", "UnityEngine.Purchasing.Stores.csproj", "{FCC1350B-50A9-35D7-E791-D07F7BDB7860}"
EndProject
Project("{FAE04EC0-301F-11D3-BF4B-00C04F79EFBC}") = "Unity.VisualScripting.Core.Editor", "Unity.VisualScripting.Core.Editor.csproj", "{7F509B4D-E18E-21D6-B6FF-AE1EB1708125}"
EndProject
Project("{FAE04EC0-301F-11D3-BF4B-00C04F79EFBC}") = "Unity.PerformanceTesting.Editor", "Unity.PerformanceTesting.Editor.csproj", "{75B7AF27-B4E0-A092-DC6F-8368EB0F8999}"
EndProject
Project("{FAE04EC0-301F-11D3-BF4B-00C04F79EFBC}") = "UnityEngine.TestRunner", "UnityEngine.TestRunner.csproj", "{67AF14A5-10A1-B5DB-7C39-90E0E1A22EC1}"
EndProject
Project("{FAE04EC0-301F-11D3-BF4B-00C04F79EFBC}") = "Unity.Burst", "Unity.Burst.csproj", "{00ADC8B5-051F-CDAA-3359-362550335B89}"
EndProject
Project("{FAE04EC0-301F-11D3-BF4B-00C04F79EFBC}") = "Unity.Services.Core.Environments.Editor", "Unity.Services.Core.Environments.Editor.csproj", "{EDB57DA6-2B13-BFEC-6D63-EE835914C420}"
EndProject
Project("{FAE04EC0-301F-11D3-BF4B-00C04F79EFBC}") = "Unity.VisualScripting.Flow.Editor", "Unity.VisualScripting.Flow.Editor.csproj", "{0E4B25E3-FA9A-97A1-2985-D09422458700}"
EndProject
Project("{FAE04EC0-301F-11D3-BF4B-00C04F79EFBC}") = "Unity.Services.Analytics", "Unity.Services.Analytics.csproj", "{D2B98991-E624-AE7A-E34B-6AD48545FE66}"
EndProject
Project("{FAE04EC0-301F-11D3-BF4B-00C04F79EFBC}") = "Unity.2D.SpriteShape.Editor", "Unity.2D.SpriteShape.Editor.csproj", "{BAAF8785-C6DC-BE8A-9D94-01511C9C03D0}"
EndProject
Project("{FAE04EC0-301F-11D3-BF4B-00C04F79EFBC}") = "Unity.VisualStudio.Editor", "Unity.VisualStudio.Editor.csproj", "{D4F812EE-3516-E4A4-020D-EE7F66BB0670}"
EndProject
Project("{FAE04EC0-301F-11D3-BF4B-00C04F79EFBC}") = "Assembly-CSharp", "Assembly-CSharp.csproj", "{7AB0EF3A-F93C-36DF-AB3E-C68BB14E39BE}"
EndProject
Project("{FAE04EC0-301F-11D3-BF4B-00C04F79EFBC}") = "Unity.2D.Animation.Editor", "Unity.2D.Animation.Editor.csproj", "{EF63370A-FDC7-1FF6-0DA0-4605067A5269}"
EndProject
Project("{FAE04EC0-301F-11D3-BF4B-00C04F79EFBC}") = "Unity.Notifications.Android", "Unity.Notifications.Android.csproj", "{EE16178D-17A6-BE46-D5F2-3B8593695275}"
EndProject
Project("{FAE04EC0-301F-11D3-BF4B-00C04F79EFBC}") = "Unity.2D.SpriteShape.Runtime", "Unity.2D.SpriteShape.Runtime.csproj", "{4F06888D-5556-D980-3774-23A8D3ADD1EC}"
EndProject
Project("{FAE04EC0-301F-11D3-BF4B-00C04F79EFBC}") = "UnityEditor.TestRunner", "UnityEditor.TestRunner.csproj", "{3BEA53F2-73F2-A749-1F5C-01624C07D728}"
EndProject
Project("{FAE04EC0-301F-11D3-BF4B-00C04F79EFBC}") = "Unity.VisualScripting.Core", "Unity.VisualScripting.Core.csproj", "{12055461-159D-5CDD-CDBB-27349EAFFAB2}"
EndProject
Project("{FAE04EC0-301F-11D3-BF4B-00C04F79EFBC}") = "Unity.AI.Navigation.Editor.ConversionSystem", "Unity.AI.Navigation.Editor.ConversionSystem.csproj", "{4B1CDAC3-38BA-922D-4023-9C73E0EA8FAD}"
EndProject
Project("{FAE04EC0-301F-11D3-BF4B-00C04F79EFBC}") = "Unity.VisualScripting.State.Editor", "Unity.VisualScripting.State.Editor.csproj", "{4059DAFA-6249-68FB-2B17-B1DD70EEED21}"
EndProject
Project("{FAE04EC0-301F-11D3-BF4B-00C04F79EFBC}") = "UnityEngine.Purchasing", "UnityEngine.Purchasing.csproj", "{06EACB2D-537C-9BBD-0F50-7CBF6CAA67BC}"
EndProject
Project("{FAE04EC0-301F-11D3-BF4B-00C04F79EFBC}") = "Unity.Services.Core.Editor", "Unity.Services.Core.Editor.csproj", "{0B1DF0C4-9675-ED64-C5EA-8D9D39311AE9}"
EndProject
Project("{FAE04EC0-301F-11D3-BF4B-00C04F79EFBC}") = "Unity.Burst.CodeGen", "Unity.Burst.CodeGen.csproj", "{0D7DB1FB-CA9B-D474-AB9B-B264E98C0B02}"
EndProject
Project("{FAE04EC0-301F-11D3-BF4B-00C04F79EFBC}") = "Unity.Services.Core", "Unity.Services.Core.csproj", "{FB830E94-635B-B8F2-4483-E0B3CB99B6CE}"
EndProject
Project("{FAE04EC0-301F-11D3-BF4B-00C04F79EFBC}") = "Unity.VisualScripting.Flow", "Unity.VisualScripting.Flow.csproj", "{BA4307D1-DE75-77A7-50C2-1A489A8B7983}"
EndProject
Project("{FAE04EC0-301F-11D3-BF4B-00C04F79EFBC}") = "Unity.PerformanceTesting", "Unity.PerformanceTesting.csproj", "{23F1E5C7-8869-4157-9F43-4E74E24EDFD9}"
EndProject
Project("{FAE04EC0-301F-11D3-BF4B-00C04F79EFBC}") = "Unity.2D.Tilemap.Extras.Editor", "Unity.2D.Tilemap.Extras.Editor.csproj", "{E6A599C3-8F4D-155D-A70E-ADED8E98481B}"
EndProject
Project("{FAE04EC0-301F-11D3-BF4B-00C04F79EFBC}") = "Unity.AdaptivePerformance.Editor", "Unity.AdaptivePerformance.Editor.csproj", "{A08FC5A8-E29E-007C-D7D6-D5E124FAB252}"
EndProject
Project("{FAE04EC0-301F-11D3-BF4B-00C04F79EFBC}") = "UnityEditor.Purchasing", "UnityEditor.Purchasing.csproj", "{BB9BD712-E943-8252-1624-FCDD59641DEB}"
EndProject
Project("{FAE04EC0-301F-11D3-BF4B-00C04F79EFBC}") = "PsdPlugin", "PsdPlugin.csproj", "{FD8F7AEC-1B77-30BC-46DB-A7C8444835CA}"
EndProject
Project("{FAE04EC0-301F-11D3-BF4B-00C04F79EFBC}") = "Unity.Services.Analytics.Editor", "Unity.Services.Analytics.Editor.csproj", "{6D5FA9DF-31AC-731B-39B1-C9A6F7405E40}"
EndProject
Project("{FAE04EC0-301F-11D3-BF4B-00C04F79EFBC}") = "Unity.2D.IK.Editor", "Unity.2D.IK.Editor.csproj", "{C3A4D953-70F5-7E99-6604-5F7A882BD95F}"
EndProject
Project("{FAE04EC0-301F-11D3-BF4B-00C04F79EFBC}") = "Unity.InternalAPIEngineBridge.001", "Unity.InternalAPIEngineBridge.001.csproj", "{AC6F9E76-231C-646F-387A-96956F1889AF}"
EndProject
Project("{FAE04EC0-301F-11D3-BF4B-00C04F79EFBC}") = "Unity.2D.Aseprite.Common", "Unity.2D.Aseprite.Common.csproj", "{25D171FD-C039-0558-9987-2D32F1D9939D}"
EndProject
Project("{FAE04EC0-301F-11D3-BF4B-00C04F79EFBC}") = "Unity.Burst.Editor", "Unity.Burst.Editor.csproj", "{43FAAC9A-9132-1DBF-8648-816BD5C7F394}"
EndProject
Project("{FAE04EC0-301F-11D3-BF4B-00C04F79EFBC}") = "Unity.2D.Common.Path.Editor", "Unity.2D.Common.Path.Editor.csproj", "{47AC7CA5-4481-9DAC-B6AC-84EE27A9EF4D}"
EndProject
Project("{FAE04EC0-301F-11D3-BF4B-00C04F79EFBC}") = "Unity.2D.Common.Editor", "Unity.2D.Common.Editor.csproj", "{0457EA55-2A75-5914-C978-667AA72470BE}"
EndProject
Project("{FAE04EC0-301F-11D3-BF4B-00C04F79EFBC}") = "Unity.Mobile.AndroidLogcat.Editor", "Unity.Mobile.AndroidLogcat.Editor.csproj", "{5050D0A7-1B2B-2103-D933-7766CCF6E5EF}"
EndProject
Project("{FAE04EC0-301F-11D3-BF4B-00C04F79EFBC}") = "Unity.Rider.Editor", "Unity.Rider.Editor.csproj", "{70891BA5-7F0E-A48E-E6C9-069BB366B118}"
EndProject
Project("{FAE04EC0-301F-11D3-BF4B-00C04F79EFBC}") = "Unity.VisualScripting.State", "Unity.VisualScripting.State.csproj", "{8FCC99C6-722F-833D-AE20-5BDFC09D40B1}"
EndProject
Project("{FAE04EC0-301F-11D3-BF4B-00C04F79EFBC}") = "UnityEngine.Purchasing.AppleMacosStub", "UnityEngine.Purchasing.AppleMacosStub.csproj", "{F87EC608-E2EF-1022-A844-92898AFB7B40}"
EndProject
Project("{FAE04EC0-301F-11D3-BF4B-00C04F79EFBC}") = "Unity.AI.Navigation.Updater", "Unity.AI.Navigation.Updater.csproj", "{2FFDB01A-042B-8225-3DDA-1CD882B63EB1}"
EndProject
Project("{FAE04EC0-301F-11D3-BF4B-00C04F79EFBC}") = "UnityEngine.Purchasing.Codeless", "UnityEngine.Purchasing.Codeless.csproj", "{F0815AC1-76EF-444C-FEC9-5343A4747D2C}"
EndProject
Project("{FAE04EC0-301F-11D3-BF4B-00C04F79EFBC}") = "Unity.AdaptivePerformance", "Unity.AdaptivePerformance.csproj", "{C9587DB0-DE62-18A6-B5E3-BF820B8435AB}"
EndProject
Project("{FAE04EC0-301F-11D3-BF4B-00C04F79EFBC}") = "Unity.Analytics.DataPrivacy", "Unity.Analytics.DataPrivacy.csproj", "{F762672B-AB2C-E343-CE50-DB6440ACD97E}"
EndProject
Project("{FAE04EC0-301F-11D3-BF4B-00C04F79EFBC}") = "Unity.Notifications", "Unity.Notifications.csproj", "{5D8FD78A-9936-5C07-6AFD-F0726E0C4572}"
EndProject
Project("{FAE04EC0-301F-11D3-BF4B-00C04F79EFBC}") = "Unity.AI.Navigation.Editor", "Unity.AI.Navigation.Editor.csproj", "{F237167E-BD92-7233-99AB-1F09F80865BB}"
EndProject
Project("{FAE04EC0-301F-11D3-BF4B-00C04F79EFBC}") = "Unity.2D.PixelPerfect.Editor", "Unity.2D.PixelPerfect.Editor.csproj", "{F9150B0A-3EE7-D023-45C3-50F6CFB13E5C}"
EndProject
Project("{FAE04EC0-301F-11D3-BF4B-00C04F79EFBC}") = "UnityEngine.Advertisements.DevX.Editor", "UnityEngine.Advertisements.DevX.Editor.csproj", "{32558063-253B-6408-E7AB-124E8E0E9AF4}"
EndProject
Project("{FAE04EC0-301F-11D3-BF4B-00C04F79EFBC}") = "Unity.Services.Core.Configuration.Editor", "Unity.Services.Core.Configuration.Editor.csproj", "{ECD0524F-07B6-C771-97F6-C945B62BFAE4}"
EndProject
Project("{FAE04EC0-301F-11D3-BF4B-00C04F79EFBC}") = "Unity.Services.Core.Configuration", "Unity.Services.Core.Configuration.csproj", "{86EA880D-E8DD-74A5-ED9C-D01DFFB342E0}"
EndProject
Project("{FAE04EC0-301F-11D3-BF4B-00C04F79EFBC}") = "Unity.AdaptivePerformance.Samsung.Android", "Unity.AdaptivePerformance.Samsung.Android.csproj", "{3558EA9F-4598-C20D-5C00-F6DDE6FA787F}"
EndProject
Project("{FAE04EC0-301F-11D3-BF4B-00C04F79EFBC}") = "Unity.Services.Core.Environments.Internal", "Unity.Services.Core.Environments.Internal.csproj", "{8D54E36F-CE6C-623C-29AA-8C74B343B527}"
EndProject
Project("{FAE04EC0-301F-11D3-BF4B-00C04F79EFBC}") = "Unity.Notifications.Unified", "Unity.Notifications.Unified.csproj", "{8D4A350F-58FB-BECA-B370-46EFF3736EDA}"
EndProject
Project("{FAE04EC0-301F-11D3-BF4B-00C04F79EFBC}") = "Unity.Services.Core.Scheduler", "Unity.Services.Core.Scheduler.csproj", "{A6606218-57D4-7D08-F724-A2F96DF5280C}"
EndProject
Project("{FAE04EC0-301F-11D3-BF4B-00C04F79EFBC}") = "UnityEngine.Purchasing.SecurityCore", "UnityEngine.Purchasing.SecurityCore.csproj", "{8955EAE4-FA82-C02E-D8C6-B9EEE9546CF4}"
EndProject
Project("{FAE04EC0-301F-11D3-BF4B-00C04F79EFBC}") = "Unity.AI.Navigation", "Unity.AI.Navigation.csproj", "{60B86705-9318-6A37-6434-00F7C3798975}"
EndProject
Project("{FAE04EC0-301F-11D3-BF4B-00C04F79EFBC}") = "Unity.Collections.CodeGen", "Unity.Collections.CodeGen.csproj", "{5F7B8DBC-A83E-5A4E-7958-FFC7083A0F0D}"
EndProject
Project("{FAE04EC0-301F-11D3-BF4B-00C04F79EFBC}") = "Unity.Services.Core.Telemetry", "Unity.Services.Core.Telemetry.csproj", "{AD7F59EA-4241-DD33-3023-0DA5C579D94A}"
EndProject
Project("{FAE04EC0-301F-11D3-BF4B-00C04F79EFBC}") = "Unity.2D.Tilemap.Extras", "Unity.2D.Tilemap.Extras.csproj", "{69A17307-CB9F-4935-12B4-CA4297DB1E61}"
EndProject
Project("{FAE04EC0-301F-11D3-BF4B-00C04F79EFBC}") = "Unity.2D.Animation.Runtime", "Unity.2D.Animation.Runtime.csproj", "{98A1D40F-FF26-0016-CBCF-348D72FCEF65}"
EndProject
Project("{FAE04EC0-301F-11D3-BF4B-00C04F79EFBC}") = "Unity.Mathematics.Editor", "Unity.Mathematics.Editor.csproj", "{08373901-F958-D9CA-77C6-82D8EABFDB88}"
EndProject
Project("{FAE04EC0-301F-11D3-BF4B-00C04F79EFBC}") = "Unity.VisualScripting.SettingsProvider.Editor", "Unity.VisualScripting.SettingsProvider.Editor.csproj", "{4C2EF25E-BFC2-E4DF-3AEC-DEE69089F929}"
EndProject
Project("{FAE04EC0-301F-11D3-BF4B-00C04F79EFBC}") = "UnityEditor.SpatialTracking", "UnityEditor.SpatialTracking.csproj", "{C9DBD208-6A94-FCF2-B144-488840362D61}"
EndProject
Project("{FAE04EC0-301F-11D3-BF4B-00C04F79EFBC}") = "Unity.Notifications.iOS", "Unity.Notifications.iOS.csproj", "{33B7753D-DD1E-801C-D468-34694BD8CDA5}"
EndProject
Project("{FAE04EC0-301F-11D3-BF4B-00C04F79EFBC}") = "Unity.AdaptivePerformance.Google.Android", "Unity.AdaptivePerformance.Google.Android.csproj", "{F24453B0-1E82-674D-5A0A-42403AA8BB6A}"
EndProject
Project("{FAE04EC0-301F-11D3-BF4B-00C04F79EFBC}") = "Purchasing.Common", "Purchasing.Common.csproj", "{6F00D527-AD62-231D-D2FD-B292E1AB28C2}"
EndProject
Project("{FAE04EC0-301F-11D3-BF4B-00C04F79EFBC}") = "Assembly-CSharp-Editor", "Assembly-CSharp-Editor.csproj", "{6ADD11B0-E652-2054-2948-29411A859FD3}"
EndProject
Project("{FAE04EC0-301F-11D3-BF4B-00C04F79EFBC}") = "Unity.Services.Core.Threading", "Unity.Services.Core.Threading.csproj", "{5C115E1E-2751-B268-A3CF-F8EB046242F1}"
EndProject
Project("{FAE04EC0-301F-11D3-BF4B-00C04F79EFBC}") = "Unity.AdaptivePerformance.Simulator.VRR.Extension", "Unity.AdaptivePerformance.Simulator.VRR.Extension.csproj", "{C6F5C3BD-346A-D436-7056-AE681BE26C16}"
EndProject
Project("{FAE04EC0-301F-11D3-BF4B-00C04F79EFBC}") = "UnityEditor.XR.LegacyInputHelpers", "UnityEditor.XR.LegacyInputHelpers.csproj", "{A8780620-CD5E-3720-71E8-7CEEC1F9DB41}"
EndProject
Project("{FAE04EC0-301F-11D3-BF4B-00C04F79EFBC}") = "Unity.AdaptivePerformance.Google.Android.Editor", "Unity.AdaptivePerformance.Google.Android.Editor.csproj", "{58DAE848-4FD8-6CA8-F4A0-D107EB6C1336}"
EndProject
Project("{FAE04EC0-301F-11D3-BF4B-00C04F79EFBC}") = "Unity.InternalAPIEditorBridge.001", "Unity.InternalAPIEditorBridge.001.csproj", "{14FCE28C-1230-B8E6-AD8A-3D4FE70CAC85}"
EndProject
Project("{FAE04EC0-301F-11D3-BF4B-00C04F79EFBC}") = "Unity.VisualScripting.Shared.Editor", "Unity.VisualScripting.Shared.Editor.csproj", "{5E5FC0B7-F9A2-2F61-CB70-F237B638FE15}"
EndProject
Project("{FAE04EC0-301F-11D3-BF4B-00C04F79EFBC}") = "Unity.AdaptivePerformance.Samsung.Android.Editor", "Unity.AdaptivePerformance.Samsung.Android.Editor.csproj", "{7AA15EDE-C67C-F8BE-2EC2-4E85CC147C06}"
EndProject
Project("{FAE04EC0-301F-11D3-BF4B-00C04F79EFBC}") = "Unity.Profiling.Core", "Unity.Profiling.Core.csproj", "{059DBCB0-880E-59DF-BA55-8EAE32E1ABBB}"
EndProject
Project("{FAE04EC0-301F-11D3-BF4B-00C04F79EFBC}") = "Unity.Services.Core.Device", "Unity.Services.Core.Device.csproj", "{E12D842C-C10E-9D72-DE82-94D0161574B8}"
EndProject
Project("{FAE04EC0-301F-11D3-BF4B-00C04F79EFBC}") = "Unity.Services.Core.Analytics", "Unity.Services.Core.Analytics.csproj", "{5EC5A029-6E5F-B4ED-3E64-9EE4D3837398}"
EndProject
Project("{FAE04EC0-301F-11D3-BF4B-00C04F79EFBC}") = "UnityEngine.Purchasing.AppleStub", "UnityEngine.Purchasing.AppleStub.csproj", "{FB145DE0-E3FB-F03E-23FD-FF97F1DD2E14}"
EndProject
Project("{FAE04EC0-301F-11D3-BF4B-00C04F79EFBC}") = "Unity.AdaptivePerformance.Simulator.Editor", "Unity.AdaptivePerformance.Simulator.Editor.csproj", "{E091A859-2461-66D2-B656-8FA42FF74AA7}"
EndProject
Project("{FAE04EC0-301F-11D3-BF4B-00C04F79EFBC}") = "UnityEngine.Purchasing.AppleCore", "UnityEngine.Purchasing.AppleCore.csproj", "{AA0BA68A-E861-A324-47C0-BB2EC6A72839}"
EndProject
Project("{FAE04EC0-301F-11D3-BF4B-00C04F79EFBC}") = "UnityEngine.Purchasing.SecurityStub", "UnityEngine.Purchasing.SecurityStub.csproj", "{DEDEF42E-FBA2-CE46-C091-1B061A9CFDB0}"
EndProject
Project("{FAE04EC0-301F-11D3-BF4B-00C04F79EFBC}") = "IAPResolver", "IAPResolver.csproj", "{BB536170-A862-DE70-6126-9C10F91B1E4B}"
EndProject
Project("{FAE04EC0-301F-11D3-BF4B-00C04F79EFBC}") = "Unity.AdaptivePerformance.Profiler.Editor", "Unity.AdaptivePerformance.Profiler.Editor.csproj", "{D81C87FD-501A-2DE1-7D6F-A903C0EC49C9}"
EndProject
Project("{FAE04EC0-301F-11D3-BF4B-00C04F79EFBC}") = "Unity.2D.Common.Runtime", "Unity.2D.Common.Runtime.csproj", "{8510536C-C750-CF49-C14C-31BF482BF75B}"
EndProject
Project("{FAE04EC0-301F-11D3-BF4B-00C04F79EFBC}") = "UnityEngine.Purchasing.WinRTStub", "UnityEngine.Purchasing.WinRTStub.csproj", "{00DD09DF-4194-5AA6-8FE1-17FD389E8712}"
EndProject
Project("{FAE04EC0-301F-11D3-BF4B-00C04F79EFBC}") = "UnityEngine.SpatialTracking", "UnityEngine.SpatialTracking.csproj", "{F2C2AD61-CB42-E2ED-A7C3-2C1AE4F28606}"
EndProject
Project("{FAE04EC0-301F-11D3-BF4B-00C04F79EFBC}") = "Unity.AdaptivePerformance.Simulator.Google.Extension", "Unity.AdaptivePerformance.Simulator.Google.Extension.csproj", "{61AE28F4-D166-5638-208A-E0C48DF8909B}"
EndProject
Project("{FAE04EC0-301F-11D3-BF4B-00C04F79EFBC}") = "Unity.Services.Core.Registration", "Unity.Services.Core.Registration.csproj", "{8C34951A-CE2F-3FE6-FF51-0AC670C99387}"
EndProject
Project("{FAE04EC0-301F-11D3-BF4B-00C04F79EFBC}") = "UnityEngine.Purchasing.WinRTCore", "UnityEngine.Purchasing.WinRTCore.csproj", "{326EF8ED-709C-968D-D686-1164D78F44EE}"
EndProject
Project("{FAE04EC0-301F-11D3-BF4B-00C04F79EFBC}") = "Unity.2D.PixelPerfect", "Unity.2D.PixelPerfect.csproj", "{CA7D7F36-0BF1-0C56-91FF-709A80EE39B4}"
EndProject
Project("{FAE04EC0-301F-11D3-BF4B-00C04F79EFBC}") = "UnityEngine.XR.LegacyInputHelpers", "UnityEngine.XR.LegacyInputHelpers.csproj", "{79847ABF-9A48-DBC2-9A57-A5D171539ADB}"
EndProject
Project("{FAE04EC0-301F-11D3-BF4B-00C04F79EFBC}") = "Unity.CollabProxy.Editor", "Unity.CollabProxy.Editor.csproj", "{1CB088CA-DACF-56A7-0906-48D2CD182A6A}"
EndProject
Project("{FAE04EC0-301F-11D3-BF4B-00C04F79EFBC}") = "ScriptablePacker", "ScriptablePacker.csproj", "{D2DC5E6A-5E7B-04EB-7701-E9A66EE7084E}"
EndProject
Project("{FAE04EC0-301F-11D3-BF4B-00C04F79EFBC}") = "Unity.AdaptivePerformance.UI.Editor", "Unity.AdaptivePerformance.UI.Editor.csproj", "{094C31A4-6893-0080-8DEE-3C02DF0089E7}"
EndProject
Project("{FAE04EC0-301F-11D3-BF4B-00C04F79EFBC}") = "Unity.Services.Core.Networking", "Unity.Services.Core.Networking.csproj", "{6424C1BB-10BA-9C1F-AEAD-69B1E41DDA59}"
EndProject
Project("{FAE04EC0-301F-11D3-BF4B-00C04F79EFBC}") = "Analytics", "Analytics.csproj", "{AED1894F-E32A-CC19-DA25-01E1E7A88E93}"
EndProject
Project("{FAE04EC0-301F-11D3-BF4B-00C04F79EFBC}") = "Unity.AdaptivePerformance.Simulator.Extension", "Unity.AdaptivePerformance.Simulator.Extension.csproj", "{6E296488-6CE2-06C6-B97F-AC9560558D21}"
EndProject
Project("{FAE04EC0-301F-11D3-BF4B-00C04F79EFBC}") = "Unity.Services.Core.Environments", "Unity.Services.Core.Environments.csproj", "{044A4C67-4ED9-AA14-B4AB-9E944086D4BA}"
EndProject
Project("{FAE04EC0-301F-11D3-BF4B-00C04F79EFBC}") = "Unity.Collections.Editor", "Unity.Collections.Editor.csproj", "{656B25ED-E51B-37FF-FD28-C76F3BCF9399}"
EndProject
Global
	GlobalSection(SolutionConfigurationPlatforms) = preSolution
		Debug|Any CPU = Debug|Any CPU
		Release|Any CPU = Release|Any CPU
	EndGlobalSection
	GlobalSection(ProjectConfigurationPlatforms) = postSolution
		{3A4C2DC1-1F07-E33E-9173-6CA714B754B7}.Debug|Any CPU.ActiveCfg = Debug|Any CPU
		{3A4C2DC1-1F07-E33E-9173-6CA714B754B7}.Debug|Any CPU.Build.0 = Debug|Any CPU
		{3A4C2DC1-1F07-E33E-9173-6CA714B754B7}.Release|Any CPU.ActiveCfg = Release|Any CPU
		{3A4C2DC1-1F07-E33E-9173-6CA714B754B7}.Release|Any CPU.Build.0 = Release|Any CPU
		{07B25E2F-82C5-5D73-AE76-FE285E769B88}.Debug|Any CPU.ActiveCfg = Debug|Any CPU
		{07B25E2F-82C5-5D73-AE76-FE285E769B88}.Debug|Any CPU.Build.0 = Debug|Any CPU
		{07B25E2F-82C5-5D73-AE76-FE285E769B88}.Release|Any CPU.ActiveCfg = Release|Any CPU
		{07B25E2F-82C5-5D73-AE76-FE285E769B88}.Release|Any CPU.Build.0 = Release|Any CPU
		{E400549B-906E-73FE-5D1C-C92C6246BDF2}.Debug|Any CPU.ActiveCfg = Debug|Any CPU
		{E400549B-906E-73FE-5D1C-C92C6246BDF2}.Debug|Any CPU.Build.0 = Debug|Any CPU
		{E400549B-906E-73FE-5D1C-C92C6246BDF2}.Release|Any CPU.ActiveCfg = Release|Any CPU
		{E400549B-906E-73FE-5D1C-C92C6246BDF2}.Release|Any CPU.Build.0 = Release|Any CPU
		{D9307DBE-B791-69CA-C38A-7611CC092EEE}.Debug|Any CPU.ActiveCfg = Debug|Any CPU
		{D9307DBE-B791-69CA-C38A-7611CC092EEE}.Debug|Any CPU.Build.0 = Debug|Any CPU
		{D9307DBE-B791-69CA-C38A-7611CC092EEE}.Release|Any CPU.ActiveCfg = Release|Any CPU
		{D9307DBE-B791-69CA-C38A-7611CC092EEE}.Release|Any CPU.Build.0 = Release|Any CPU
		{C47BAA60-B271-8981-8530-F08D3F36FCFE}.Debug|Any CPU.ActiveCfg = Debug|Any CPU
		{C47BAA60-B271-8981-8530-F08D3F36FCFE}.Debug|Any CPU.Build.0 = Debug|Any CPU
		{C47BAA60-B271-8981-8530-F08D3F36FCFE}.Release|Any CPU.ActiveCfg = Release|Any CPU
		{C47BAA60-B271-8981-8530-F08D3F36FCFE}.Release|Any CPU.Build.0 = Release|Any CPU
		{B408D95F-22B2-C0A6-9E11-CA6B5FB1204C}.Debug|Any CPU.ActiveCfg = Debug|Any CPU
		{B408D95F-22B2-C0A6-9E11-CA6B5FB1204C}.Debug|Any CPU.Build.0 = Debug|Any CPU
		{B408D95F-22B2-C0A6-9E11-CA6B5FB1204C}.Release|Any CPU.ActiveCfg = Release|Any CPU
		{B408D95F-22B2-C0A6-9E11-CA6B5FB1204C}.Release|Any CPU.Build.0 = Release|Any CPU
		{D212B3B1-EF92-20C6-70C7-CF94EA21D358}.Debug|Any CPU.ActiveCfg = Debug|Any CPU
		{D212B3B1-EF92-20C6-70C7-CF94EA21D358}.Debug|Any CPU.Build.0 = Debug|Any CPU
		{D212B3B1-EF92-20C6-70C7-CF94EA21D358}.Release|Any CPU.ActiveCfg = Release|Any CPU
		{D212B3B1-EF92-20C6-70C7-CF94EA21D358}.Release|Any CPU.Build.0 = Release|Any CPU
		{B2CE7D2A-CFDE-F3C0-FF57-D0C0C420C501}.Debug|Any CPU.ActiveCfg = Debug|Any CPU
		{B2CE7D2A-CFDE-F3C0-FF57-D0C0C420C501}.Debug|Any CPU.Build.0 = Debug|Any CPU
		{B2CE7D2A-CFDE-F3C0-FF57-D0C0C420C501}.Release|Any CPU.ActiveCfg = Release|Any CPU
		{B2CE7D2A-CFDE-F3C0-FF57-D0C0C420C501}.Release|Any CPU.Build.0 = Release|Any CPU
		{A08C481F-EAC7-109B-9256-59D08477D2E2}.Debug|Any CPU.ActiveCfg = Debug|Any CPU
		{A08C481F-EAC7-109B-9256-59D08477D2E2}.Debug|Any CPU.Build.0 = Debug|Any CPU
		{A08C481F-EAC7-109B-9256-59D08477D2E2}.Release|Any CPU.ActiveCfg = Release|Any CPU
		{A08C481F-EAC7-109B-9256-59D08477D2E2}.Release|Any CPU.Build.0 = Release|Any CPU
		{A69D2346-9344-317B-26B8-A8A9D3B8981D}.Debug|Any CPU.ActiveCfg = Debug|Any CPU
		{A69D2346-9344-317B-26B8-A8A9D3B8981D}.Debug|Any CPU.Build.0 = Debug|Any CPU
		{A69D2346-9344-317B-26B8-A8A9D3B8981D}.Release|Any CPU.ActiveCfg = Release|Any CPU
		{A69D2346-9344-317B-26B8-A8A9D3B8981D}.Release|Any CPU.Build.0 = Release|Any CPU
		{08BDD285-4183-92B8-910B-28002FB2C4E4}.Debug|Any CPU.ActiveCfg = Debug|Any CPU
		{08BDD285-4183-92B8-910B-28002FB2C4E4}.Debug|Any CPU.Build.0 = Debug|Any CPU
		{08BDD285-4183-92B8-910B-28002FB2C4E4}.Release|Any CPU.ActiveCfg = Release|Any CPU
		{08BDD285-4183-92B8-910B-28002FB2C4E4}.Release|Any CPU.Build.0 = Release|Any CPU
		{FCC1350B-50A9-35D7-E791-D07F7BDB7860}.Debug|Any CPU.ActiveCfg = Debug|Any CPU
		{FCC1350B-50A9-35D7-E791-D07F7BDB7860}.Debug|Any CPU.Build.0 = Debug|Any CPU
		{FCC1350B-50A9-35D7-E791-D07F7BDB7860}.Release|Any CPU.ActiveCfg = Release|Any CPU
		{FCC1350B-50A9-35D7-E791-D07F7BDB7860}.Release|Any CPU.Build.0 = Release|Any CPU
		{7F509B4D-E18E-21D6-B6FF-AE1EB1708125}.Debug|Any CPU.ActiveCfg = Debug|Any CPU
		{7F509B4D-E18E-21D6-B6FF-AE1EB1708125}.Debug|Any CPU.Build.0 = Debug|Any CPU
		{7F509B4D-E18E-21D6-B6FF-AE1EB1708125}.Release|Any CPU.ActiveCfg = Release|Any CPU
		{7F509B4D-E18E-21D6-B6FF-AE1EB1708125}.Release|Any CPU.Build.0 = Release|Any CPU
		{75B7AF27-B4E0-A092-DC6F-8368EB0F8999}.Debug|Any CPU.ActiveCfg = Debug|Any CPU
		{75B7AF27-B4E0-A092-DC6F-8368EB0F8999}.Debug|Any CPU.Build.0 = Debug|Any CPU
		{75B7AF27-B4E0-A092-DC6F-8368EB0F8999}.Release|Any CPU.ActiveCfg = Release|Any CPU
		{75B7AF27-B4E0-A092-DC6F-8368EB0F8999}.Release|Any CPU.Build.0 = Release|Any CPU
		{67AF14A5-10A1-B5DB-7C39-90E0E1A22EC1}.Debug|Any CPU.ActiveCfg = Debug|Any CPU
		{67AF14A5-10A1-B5DB-7C39-90E0E1A22EC1}.Debug|Any CPU.Build.0 = Debug|Any CPU
		{67AF14A5-10A1-B5DB-7C39-90E0E1A22EC1}.Release|Any CPU.ActiveCfg = Release|Any CPU
		{67AF14A5-10A1-B5DB-7C39-90E0E1A22EC1}.Release|Any CPU.Build.0 = Release|Any CPU
		{00ADC8B5-051F-CDAA-3359-362550335B89}.Debug|Any CPU.ActiveCfg = Debug|Any CPU
		{00ADC8B5-051F-CDAA-3359-362550335B89}.Debug|Any CPU.Build.0 = Debug|Any CPU
		{00ADC8B5-051F-CDAA-3359-362550335B89}.Release|Any CPU.ActiveCfg = Release|Any CPU
		{00ADC8B5-051F-CDAA-3359-362550335B89}.Release|Any CPU.Build.0 = Release|Any CPU
		{EDB57DA6-2B13-BFEC-6D63-EE835914C420}.Debug|Any CPU.ActiveCfg = Debug|Any CPU
		{EDB57DA6-2B13-BFEC-6D63-EE835914C420}.Debug|Any CPU.Build.0 = Debug|Any CPU
		{EDB57DA6-2B13-BFEC-6D63-EE835914C420}.Release|Any CPU.ActiveCfg = Release|Any CPU
		{EDB57DA6-2B13-BFEC-6D63-EE835914C420}.Release|Any CPU.Build.0 = Release|Any CPU
		{0E4B25E3-FA9A-97A1-2985-D09422458700}.Debug|Any CPU.ActiveCfg = Debug|Any CPU
		{0E4B25E3-FA9A-97A1-2985-D09422458700}.Debug|Any CPU.Build.0 = Debug|Any CPU
		{0E4B25E3-FA9A-97A1-2985-D09422458700}.Release|Any CPU.ActiveCfg = Release|Any CPU
		{0E4B25E3-FA9A-97A1-2985-D09422458700}.Release|Any CPU.Build.0 = Release|Any CPU
		{D2B98991-E624-AE7A-E34B-6AD48545FE66}.Debug|Any CPU.ActiveCfg = Debug|Any CPU
		{D2B98991-E624-AE7A-E34B-6AD48545FE66}.Debug|Any CPU.Build.0 = Debug|Any CPU
		{D2B98991-E624-AE7A-E34B-6AD48545FE66}.Release|Any CPU.ActiveCfg = Release|Any CPU
		{D2B98991-E624-AE7A-E34B-6AD48545FE66}.Release|Any CPU.Build.0 = Release|Any CPU
		{BAAF8785-C6DC-BE8A-9D94-01511C9C03D0}.Debug|Any CPU.ActiveCfg = Debug|Any CPU
		{BAAF8785-C6DC-BE8A-9D94-01511C9C03D0}.Debug|Any CPU.Build.0 = Debug|Any CPU
		{BAAF8785-C6DC-BE8A-9D94-01511C9C03D0}.Release|Any CPU.ActiveCfg = Release|Any CPU
		{BAAF8785-C6DC-BE8A-9D94-01511C9C03D0}.Release|Any CPU.Build.0 = Release|Any CPU
		{D4F812EE-3516-E4A4-020D-EE7F66BB0670}.Debug|Any CPU.ActiveCfg = Debug|Any CPU
		{D4F812EE-3516-E4A4-020D-EE7F66BB0670}.Debug|Any CPU.Build.0 = Debug|Any CPU
		{D4F812EE-3516-E4A4-020D-EE7F66BB0670}.Release|Any CPU.ActiveCfg = Release|Any CPU
		{D4F812EE-3516-E4A4-020D-EE7F66BB0670}.Release|Any CPU.Build.0 = Release|Any CPU
		{7AB0EF3A-F93C-36DF-AB3E-C68BB14E39BE}.Debug|Any CPU.ActiveCfg = Debug|Any CPU
		{7AB0EF3A-F93C-36DF-AB3E-C68BB14E39BE}.Debug|Any CPU.Build.0 = Debug|Any CPU
		{7AB0EF3A-F93C-36DF-AB3E-C68BB14E39BE}.Release|Any CPU.ActiveCfg = Release|Any CPU
		{7AB0EF3A-F93C-36DF-AB3E-C68BB14E39BE}.Release|Any CPU.Build.0 = Release|Any CPU
		{EF63370A-FDC7-1FF6-0DA0-4605067A5269}.Debug|Any CPU.ActiveCfg = Debug|Any CPU
		{EF63370A-FDC7-1FF6-0DA0-4605067A5269}.Debug|Any CPU.Build.0 = Debug|Any CPU
		{EF63370A-FDC7-1FF6-0DA0-4605067A5269}.Release|Any CPU.ActiveCfg = Release|Any CPU
		{EF63370A-FDC7-1FF6-0DA0-4605067A5269}.Release|Any CPU.Build.0 = Release|Any CPU
		{EE16178D-17A6-BE46-D5F2-3B8593695275}.Debug|Any CPU.ActiveCfg = Debug|Any CPU
		{EE16178D-17A6-BE46-D5F2-3B8593695275}.Debug|Any CPU.Build.0 = Debug|Any CPU
		{EE16178D-17A6-BE46-D5F2-3B8593695275}.Release|Any CPU.ActiveCfg = Release|Any CPU
		{EE16178D-17A6-BE46-D5F2-3B8593695275}.Release|Any CPU.Build.0 = Release|Any CPU
		{4F06888D-5556-D980-3774-23A8D3ADD1EC}.Debug|Any CPU.ActiveCfg = Debug|Any CPU
		{4F06888D-5556-D980-3774-23A8D3ADD1EC}.Debug|Any CPU.Build.0 = Debug|Any CPU
		{4F06888D-5556-D980-3774-23A8D3ADD1EC}.Release|Any CPU.ActiveCfg = Release|Any CPU
		{4F06888D-5556-D980-3774-23A8D3ADD1EC}.Release|Any CPU.Build.0 = Release|Any CPU
		{3BEA53F2-73F2-A749-1F5C-01624C07D728}.Debug|Any CPU.ActiveCfg = Debug|Any CPU
		{3BEA53F2-73F2-A749-1F5C-01624C07D728}.Debug|Any CPU.Build.0 = Debug|Any CPU
		{3BEA53F2-73F2-A749-1F5C-01624C07D728}.Release|Any CPU.ActiveCfg = Release|Any CPU
		{3BEA53F2-73F2-A749-1F5C-01624C07D728}.Release|Any CPU.Build.0 = Release|Any CPU
		{12055461-159D-5CDD-CDBB-27349EAFFAB2}.Debug|Any CPU.ActiveCfg = Debug|Any CPU
		{12055461-159D-5CDD-CDBB-27349EAFFAB2}.Debug|Any CPU.Build.0 = Debug|Any CPU
		{12055461-159D-5CDD-CDBB-27349EAFFAB2}.Release|Any CPU.ActiveCfg = Release|Any CPU
		{12055461-159D-5CDD-CDBB-27349EAFFAB2}.Release|Any CPU.Build.0 = Release|Any CPU
		{4B1CDAC3-38BA-922D-4023-9C73E0EA8FAD}.Debug|Any CPU.ActiveCfg = Debug|Any CPU
		{4B1CDAC3-38BA-922D-4023-9C73E0EA8FAD}.Debug|Any CPU.Build.0 = Debug|Any CPU
		{4B1CDAC3-38BA-922D-4023-9C73E0EA8FAD}.Release|Any CPU.ActiveCfg = Release|Any CPU
		{4B1CDAC3-38BA-922D-4023-9C73E0EA8FAD}.Release|Any CPU.Build.0 = Release|Any CPU
		{4059DAFA-6249-68FB-2B17-B1DD70EEED21}.Debug|Any CPU.ActiveCfg = Debug|Any CPU
		{4059DAFA-6249-68FB-2B17-B1DD70EEED21}.Debug|Any CPU.Build.0 = Debug|Any CPU
		{4059DAFA-6249-68FB-2B17-B1DD70EEED21}.Release|Any CPU.ActiveCfg = Release|Any CPU
		{4059DAFA-6249-68FB-2B17-B1DD70EEED21}.Release|Any CPU.Build.0 = Release|Any CPU
		{06EACB2D-537C-9BBD-0F50-7CBF6CAA67BC}.Debug|Any CPU.ActiveCfg = Debug|Any CPU
		{06EACB2D-537C-9BBD-0F50-7CBF6CAA67BC}.Debug|Any CPU.Build.0 = Debug|Any CPU
		{06EACB2D-537C-9BBD-0F50-7CBF6CAA67BC}.Release|Any CPU.ActiveCfg = Release|Any CPU
		{06EACB2D-537C-9BBD-0F50-7CBF6CAA67BC}.Release|Any CPU.Build.0 = Release|Any CPU
		{0B1DF0C4-9675-ED64-C5EA-8D9D39311AE9}.Debug|Any CPU.ActiveCfg = Debug|Any CPU
		{0B1DF0C4-9675-ED64-C5EA-8D9D39311AE9}.Debug|Any CPU.Build.0 = Debug|Any CPU
		{0B1DF0C4-9675-ED64-C5EA-8D9D39311AE9}.Release|Any CPU.ActiveCfg = Release|Any CPU
		{0B1DF0C4-9675-ED64-C5EA-8D9D39311AE9}.Release|Any CPU.Build.0 = Release|Any CPU
		{0D7DB1FB-CA9B-D474-AB9B-B264E98C0B02}.Debug|Any CPU.ActiveCfg = Debug|Any CPU
		{0D7DB1FB-CA9B-D474-AB9B-B264E98C0B02}.Debug|Any CPU.Build.0 = Debug|Any CPU
		{0D7DB1FB-CA9B-D474-AB9B-B264E98C0B02}.Release|Any CPU.ActiveCfg = Release|Any CPU
		{0D7DB1FB-CA9B-D474-AB9B-B264E98C0B02}.Release|Any CPU.Build.0 = Release|Any CPU
		{FB830E94-635B-B8F2-4483-E0B3CB99B6CE}.Debug|Any CPU.ActiveCfg = Debug|Any CPU
		{FB830E94-635B-B8F2-4483-E0B3CB99B6CE}.Debug|Any CPU.Build.0 = Debug|Any CPU
		{FB830E94-635B-B8F2-4483-E0B3CB99B6CE}.Release|Any CPU.ActiveCfg = Release|Any CPU
		{FB830E94-635B-B8F2-4483-E0B3CB99B6CE}.Release|Any CPU.Build.0 = Release|Any CPU
		{BA4307D1-DE75-77A7-50C2-1A489A8B7983}.Debug|Any CPU.ActiveCfg = Debug|Any CPU
		{BA4307D1-DE75-77A7-50C2-1A489A8B7983}.Debug|Any CPU.Build.0 = Debug|Any CPU
		{BA4307D1-DE75-77A7-50C2-1A489A8B7983}.Release|Any CPU.ActiveCfg = Release|Any CPU
		{BA4307D1-DE75-77A7-50C2-1A489A8B7983}.Release|Any CPU.Build.0 = Release|Any CPU
		{23F1E5C7-8869-4157-9F43-4E74E24EDFD9}.Debug|Any CPU.ActiveCfg = Debug|Any CPU
		{23F1E5C7-8869-4157-9F43-4E74E24EDFD9}.Debug|Any CPU.Build.0 = Debug|Any CPU
		{23F1E5C7-8869-4157-9F43-4E74E24EDFD9}.Release|Any CPU.ActiveCfg = Release|Any CPU
		{23F1E5C7-8869-4157-9F43-4E74E24EDFD9}.Release|Any CPU.Build.0 = Release|Any CPU
		{E6A599C3-8F4D-155D-A70E-ADED8E98481B}.Debug|Any CPU.ActiveCfg = Debug|Any CPU
		{E6A599C3-8F4D-155D-A70E-ADED8E98481B}.Debug|Any CPU.Build.0 = Debug|Any CPU
		{E6A599C3-8F4D-155D-A70E-ADED8E98481B}.Release|Any CPU.ActiveCfg = Release|Any CPU
		{E6A599C3-8F4D-155D-A70E-ADED8E98481B}.Release|Any CPU.Build.0 = Release|Any CPU
		{A08FC5A8-E29E-007C-D7D6-D5E124FAB252}.Debug|Any CPU.ActiveCfg = Debug|Any CPU
		{A08FC5A8-E29E-007C-D7D6-D5E124FAB252}.Debug|Any CPU.Build.0 = Debug|Any CPU
		{A08FC5A8-E29E-007C-D7D6-D5E124FAB252}.Release|Any CPU.ActiveCfg = Release|Any CPU
		{A08FC5A8-E29E-007C-D7D6-D5E124FAB252}.Release|Any CPU.Build.0 = Release|Any CPU
		{BB9BD712-E943-8252-1624-FCDD59641DEB}.Debug|Any CPU.ActiveCfg = Debug|Any CPU
		{BB9BD712-E943-8252-1624-FCDD59641DEB}.Debug|Any CPU.Build.0 = Debug|Any CPU
		{BB9BD712-E943-8252-1624-FCDD59641DEB}.Release|Any CPU.ActiveCfg = Release|Any CPU
		{BB9BD712-E943-8252-1624-FCDD59641DEB}.Release|Any CPU.Build.0 = Release|Any CPU
		{FD8F7AEC-1B77-30BC-46DB-A7C8444835CA}.Debug|Any CPU.ActiveCfg = Debug|Any CPU
		{FD8F7AEC-1B77-30BC-46DB-A7C8444835CA}.Debug|Any CPU.Build.0 = Debug|Any CPU
		{FD8F7AEC-1B77-30BC-46DB-A7C8444835CA}.Release|Any CPU.ActiveCfg = Release|Any CPU
		{FD8F7AEC-1B77-30BC-46DB-A7C8444835CA}.Release|Any CPU.Build.0 = Release|Any CPU
		{6D5FA9DF-31AC-731B-39B1-C9A6F7405E40}.Debug|Any CPU.ActiveCfg = Debug|Any CPU
		{6D5FA9DF-31AC-731B-39B1-C9A6F7405E40}.Debug|Any CPU.Build.0 = Debug|Any CPU
		{6D5FA9DF-31AC-731B-39B1-C9A6F7405E40}.Release|Any CPU.ActiveCfg = Release|Any CPU
		{6D5FA9DF-31AC-731B-39B1-C9A6F7405E40}.Release|Any CPU.Build.0 = Release|Any CPU
		{C3A4D953-70F5-7E99-6604-5F7A882BD95F}.Debug|Any CPU.ActiveCfg = Debug|Any CPU
		{C3A4D953-70F5-7E99-6604-5F7A882BD95F}.Debug|Any CPU.Build.0 = Debug|Any CPU
		{C3A4D953-70F5-7E99-6604-5F7A882BD95F}.Release|Any CPU.ActiveCfg = Release|Any CPU
		{C3A4D953-70F5-7E99-6604-5F7A882BD95F}.Release|Any CPU.Build.0 = Release|Any CPU
		{AC6F9E76-231C-646F-387A-96956F1889AF}.Debug|Any CPU.ActiveCfg = Debug|Any CPU
		{AC6F9E76-231C-646F-387A-96956F1889AF}.Debug|Any CPU.Build.0 = Debug|Any CPU
		{AC6F9E76-231C-646F-387A-96956F1889AF}.Release|Any CPU.ActiveCfg = Release|Any CPU
		{AC6F9E76-231C-646F-387A-96956F1889AF}.Release|Any CPU.Build.0 = Release|Any CPU
		{25D171FD-C039-0558-9987-2D32F1D9939D}.Debug|Any CPU.ActiveCfg = Debug|Any CPU
		{25D171FD-C039-0558-9987-2D32F1D9939D}.Debug|Any CPU.Build.0 = Debug|Any CPU
		{25D171FD-C039-0558-9987-2D32F1D9939D}.Release|Any CPU.ActiveCfg = Release|Any CPU
		{25D171FD-C039-0558-9987-2D32F1D9939D}.Release|Any CPU.Build.0 = Release|Any CPU
		{43FAAC9A-9132-1DBF-8648-816BD5C7F394}.Debug|Any CPU.ActiveCfg = Debug|Any CPU
		{43FAAC9A-9132-1DBF-8648-816BD5C7F394}.Debug|Any CPU.Build.0 = Debug|Any CPU
		{43FAAC9A-9132-1DBF-8648-816BD5C7F394}.Release|Any CPU.ActiveCfg = Release|Any CPU
		{43FAAC9A-9132-1DBF-8648-816BD5C7F394}.Release|Any CPU.Build.0 = Release|Any CPU
		{47AC7CA5-4481-9DAC-B6AC-84EE27A9EF4D}.Debug|Any CPU.ActiveCfg = Debug|Any CPU
		{47AC7CA5-4481-9DAC-B6AC-84EE27A9EF4D}.Debug|Any CPU.Build.0 = Debug|Any CPU
		{47AC7CA5-4481-9DAC-B6AC-84EE27A9EF4D}.Release|Any CPU.ActiveCfg = Release|Any CPU
		{47AC7CA5-4481-9DAC-B6AC-84EE27A9EF4D}.Release|Any CPU.Build.0 = Release|Any CPU
		{0457EA55-2A75-5914-C978-667AA72470BE}.Debug|Any CPU.ActiveCfg = Debug|Any CPU
		{0457EA55-2A75-5914-C978-667AA72470BE}.Debug|Any CPU.Build.0 = Debug|Any CPU
		{0457EA55-2A75-5914-C978-667AA72470BE}.Release|Any CPU.ActiveCfg = Release|Any CPU
		{0457EA55-2A75-5914-C978-667AA72470BE}.Release|Any CPU.Build.0 = Release|Any CPU
		{5050D0A7-1B2B-2103-D933-7766CCF6E5EF}.Debug|Any CPU.ActiveCfg = Debug|Any CPU
		{5050D0A7-1B2B-2103-D933-7766CCF6E5EF}.Debug|Any CPU.Build.0 = Debug|Any CPU
		{5050D0A7-1B2B-2103-D933-7766CCF6E5EF}.Release|Any CPU.ActiveCfg = Release|Any CPU
		{5050D0A7-1B2B-2103-D933-7766CCF6E5EF}.Release|Any CPU.Build.0 = Release|Any CPU
		{70891BA5-7F0E-A48E-E6C9-069BB366B118}.Debug|Any CPU.ActiveCfg = Debug|Any CPU
		{70891BA5-7F0E-A48E-E6C9-069BB366B118}.Debug|Any CPU.Build.0 = Debug|Any CPU
		{70891BA5-7F0E-A48E-E6C9-069BB366B118}.Release|Any CPU.ActiveCfg = Release|Any CPU
		{70891BA5-7F0E-A48E-E6C9-069BB366B118}.Release|Any CPU.Build.0 = Release|Any CPU
		{8FCC99C6-722F-833D-AE20-5BDFC09D40B1}.Debug|Any CPU.ActiveCfg = Debug|Any CPU
		{8FCC99C6-722F-833D-AE20-5BDFC09D40B1}.Debug|Any CPU.Build.0 = Debug|Any CPU
		{8FCC99C6-722F-833D-AE20-5BDFC09D40B1}.Release|Any CPU.ActiveCfg = Release|Any CPU
		{8FCC99C6-722F-833D-AE20-5BDFC09D40B1}.Release|Any CPU.Build.0 = Release|Any CPU
		{F87EC608-E2EF-1022-A844-92898AFB7B40}.Debug|Any CPU.ActiveCfg = Debug|Any CPU
		{F87EC608-E2EF-1022-A844-92898AFB7B40}.Debug|Any CPU.Build.0 = Debug|Any CPU
		{F87EC608-E2EF-1022-A844-92898AFB7B40}.Release|Any CPU.ActiveCfg = Release|Any CPU
		{F87EC608-E2EF-1022-A844-92898AFB7B40}.Release|Any CPU.Build.0 = Release|Any CPU
		{2FFDB01A-042B-8225-3DDA-1CD882B63EB1}.Debug|Any CPU.ActiveCfg = Debug|Any CPU
		{2FFDB01A-042B-8225-3DDA-1CD882B63EB1}.Debug|Any CPU.Build.0 = Debug|Any CPU
		{2FFDB01A-042B-8225-3DDA-1CD882B63EB1}.Release|Any CPU.ActiveCfg = Release|Any CPU
		{2FFDB01A-042B-8225-3DDA-1CD882B63EB1}.Release|Any CPU.Build.0 = Release|Any CPU
		{F0815AC1-76EF-444C-FEC9-5343A4747D2C}.Debug|Any CPU.ActiveCfg = Debug|Any CPU
		{F0815AC1-76EF-444C-FEC9-5343A4747D2C}.Debug|Any CPU.Build.0 = Debug|Any CPU
		{F0815AC1-76EF-444C-FEC9-5343A4747D2C}.Release|Any CPU.ActiveCfg = Release|Any CPU
		{F0815AC1-76EF-444C-FEC9-5343A4747D2C}.Release|Any CPU.Build.0 = Release|Any CPU
		{C9587DB0-DE62-18A6-B5E3-BF820B8435AB}.Debug|Any CPU.ActiveCfg = Debug|Any CPU
		{C9587DB0-DE62-18A6-B5E3-BF820B8435AB}.Debug|Any CPU.Build.0 = Debug|Any CPU
		{C9587DB0-DE62-18A6-B5E3-BF820B8435AB}.Release|Any CPU.ActiveCfg = Release|Any CPU
		{C9587DB0-DE62-18A6-B5E3-BF820B8435AB}.Release|Any CPU.Build.0 = Release|Any CPU
		{F762672B-AB2C-E343-CE50-DB6440ACD97E}.Debug|Any CPU.ActiveCfg = Debug|Any CPU
		{F762672B-AB2C-E343-CE50-DB6440ACD97E}.Debug|Any CPU.Build.0 = Debug|Any CPU
		{F762672B-AB2C-E343-CE50-DB6440ACD97E}.Release|Any CPU.ActiveCfg = Release|Any CPU
		{F762672B-AB2C-E343-CE50-DB6440ACD97E}.Release|Any CPU.Build.0 = Release|Any CPU
		{5D8FD78A-9936-5C07-6AFD-F0726E0C4572}.Debug|Any CPU.ActiveCfg = Debug|Any CPU
		{5D8FD78A-9936-5C07-6AFD-F0726E0C4572}.Debug|Any CPU.Build.0 = Debug|Any CPU
		{5D8FD78A-9936-5C07-6AFD-F0726E0C4572}.Release|Any CPU.ActiveCfg = Release|Any CPU
		{5D8FD78A-9936-5C07-6AFD-F0726E0C4572}.Release|Any CPU.Build.0 = Release|Any CPU
		{F237167E-BD92-7233-99AB-1F09F80865BB}.Debug|Any CPU.ActiveCfg = Debug|Any CPU
		{F237167E-BD92-7233-99AB-1F09F80865BB}.Debug|Any CPU.Build.0 = Debug|Any CPU
		{F237167E-BD92-7233-99AB-1F09F80865BB}.Release|Any CPU.ActiveCfg = Release|Any CPU
		{F237167E-BD92-7233-99AB-1F09F80865BB}.Release|Any CPU.Build.0 = Release|Any CPU
		{F9150B0A-3EE7-D023-45C3-50F6CFB13E5C}.Debug|Any CPU.ActiveCfg = Debug|Any CPU
		{F9150B0A-3EE7-D023-45C3-50F6CFB13E5C}.Debug|Any CPU.Build.0 = Debug|Any CPU
		{F9150B0A-3EE7-D023-45C3-50F6CFB13E5C}.Release|Any CPU.ActiveCfg = Release|Any CPU
		{F9150B0A-3EE7-D023-45C3-50F6CFB13E5C}.Release|Any CPU.Build.0 = Release|Any CPU
		{32558063-253B-6408-E7AB-124E8E0E9AF4}.Debug|Any CPU.ActiveCfg = Debug|Any CPU
		{32558063-253B-6408-E7AB-124E8E0E9AF4}.Debug|Any CPU.Build.0 = Debug|Any CPU
		{32558063-253B-6408-E7AB-124E8E0E9AF4}.Release|Any CPU.ActiveCfg = Release|Any CPU
		{32558063-253B-6408-E7AB-124E8E0E9AF4}.Release|Any CPU.Build.0 = Release|Any CPU
		{ECD0524F-07B6-C771-97F6-C945B62BFAE4}.Debug|Any CPU.ActiveCfg = Debug|Any CPU
		{ECD0524F-07B6-C771-97F6-C945B62BFAE4}.Debug|Any CPU.Build.0 = Debug|Any CPU
		{ECD0524F-07B6-C771-97F6-C945B62BFAE4}.Release|Any CPU.ActiveCfg = Release|Any CPU
		{ECD0524F-07B6-C771-97F6-C945B62BFAE4}.Release|Any CPU.Build.0 = Release|Any CPU
		{86EA880D-E8DD-74A5-ED9C-D01DFFB342E0}.Debug|Any CPU.ActiveCfg = Debug|Any CPU
		{86EA880D-E8DD-74A5-ED9C-D01DFFB342E0}.Debug|Any CPU.Build.0 = Debug|Any CPU
		{86EA880D-E8DD-74A5-ED9C-D01DFFB342E0}.Release|Any CPU.ActiveCfg = Release|Any CPU
		{86EA880D-E8DD-74A5-ED9C-D01DFFB342E0}.Release|Any CPU.Build.0 = Release|Any CPU
		{3558EA9F-4598-C20D-5C00-F6DDE6FA787F}.Debug|Any CPU.ActiveCfg = Debug|Any CPU
		{3558EA9F-4598-C20D-5C00-F6DDE6FA787F}.Debug|Any CPU.Build.0 = Debug|Any CPU
		{3558EA9F-4598-C20D-5C00-F6DDE6FA787F}.Release|Any CPU.ActiveCfg = Release|Any CPU
		{3558EA9F-4598-C20D-5C00-F6DDE6FA787F}.Release|Any CPU.Build.0 = Release|Any CPU
		{8D54E36F-CE6C-623C-29AA-8C74B343B527}.Debug|Any CPU.ActiveCfg = Debug|Any CPU
		{8D54E36F-CE6C-623C-29AA-8C74B343B527}.Debug|Any CPU.Build.0 = Debug|Any CPU
		{8D54E36F-CE6C-623C-29AA-8C74B343B527}.Release|Any CPU.ActiveCfg = Release|Any CPU
		{8D54E36F-CE6C-623C-29AA-8C74B343B527}.Release|Any CPU.Build.0 = Release|Any CPU
		{8D4A350F-58FB-BECA-B370-46EFF3736EDA}.Debug|Any CPU.ActiveCfg = Debug|Any CPU
		{8D4A350F-58FB-BECA-B370-46EFF3736EDA}.Debug|Any CPU.Build.0 = Debug|Any CPU
		{8D4A350F-58FB-BECA-B370-46EFF3736EDA}.Release|Any CPU.ActiveCfg = Release|Any CPU
		{8D4A350F-58FB-BECA-B370-46EFF3736EDA}.Release|Any CPU.Build.0 = Release|Any CPU
		{A6606218-57D4-7D08-F724-A2F96DF5280C}.Debug|Any CPU.ActiveCfg = Debug|Any CPU
		{A6606218-57D4-7D08-F724-A2F96DF5280C}.Debug|Any CPU.Build.0 = Debug|Any CPU
		{A6606218-57D4-7D08-F724-A2F96DF5280C}.Release|Any CPU.ActiveCfg = Release|Any CPU
		{A6606218-57D4-7D08-F724-A2F96DF5280C}.Release|Any CPU.Build.0 = Release|Any CPU
		{8955EAE4-FA82-C02E-D8C6-B9EEE9546CF4}.Debug|Any CPU.ActiveCfg = Debug|Any CPU
		{8955EAE4-FA82-C02E-D8C6-B9EEE9546CF4}.Debug|Any CPU.Build.0 = Debug|Any CPU
		{8955EAE4-FA82-C02E-D8C6-B9EEE9546CF4}.Release|Any CPU.ActiveCfg = Release|Any CPU
		{8955EAE4-FA82-C02E-D8C6-B9EEE9546CF4}.Release|Any CPU.Build.0 = Release|Any CPU
		{60B86705-9318-6A37-6434-00F7C3798975}.Debug|Any CPU.ActiveCfg = Debug|Any CPU
		{60B86705-9318-6A37-6434-00F7C3798975}.Debug|Any CPU.Build.0 = Debug|Any CPU
		{60B86705-9318-6A37-6434-00F7C3798975}.Release|Any CPU.ActiveCfg = Release|Any CPU
		{60B86705-9318-6A37-6434-00F7C3798975}.Release|Any CPU.Build.0 = Release|Any CPU
		{5F7B8DBC-A83E-5A4E-7958-FFC7083A0F0D}.Debug|Any CPU.ActiveCfg = Debug|Any CPU
		{5F7B8DBC-A83E-5A4E-7958-FFC7083A0F0D}.Debug|Any CPU.Build.0 = Debug|Any CPU
		{5F7B8DBC-A83E-5A4E-7958-FFC7083A0F0D}.Release|Any CPU.ActiveCfg = Release|Any CPU
		{5F7B8DBC-A83E-5A4E-7958-FFC7083A0F0D}.Release|Any CPU.Build.0 = Release|Any CPU
		{AD7F59EA-4241-DD33-3023-0DA5C579D94A}.Debug|Any CPU.ActiveCfg = Debug|Any CPU
		{AD7F59EA-4241-DD33-3023-0DA5C579D94A}.Debug|Any CPU.Build.0 = Debug|Any CPU
		{AD7F59EA-4241-DD33-3023-0DA5C579D94A}.Release|Any CPU.ActiveCfg = Release|Any CPU
		{AD7F59EA-4241-DD33-3023-0DA5C579D94A}.Release|Any CPU.Build.0 = Release|Any CPU
		{69A17307-CB9F-4935-12B4-CA4297DB1E61}.Debug|Any CPU.ActiveCfg = Debug|Any CPU
		{69A17307-CB9F-4935-12B4-CA4297DB1E61}.Debug|Any CPU.Build.0 = Debug|Any CPU
		{69A17307-CB9F-4935-12B4-CA4297DB1E61}.Release|Any CPU.ActiveCfg = Release|Any CPU
		{69A17307-CB9F-4935-12B4-CA4297DB1E61}.Release|Any CPU.Build.0 = Release|Any CPU
		{98A1D40F-FF26-0016-CBCF-348D72FCEF65}.Debug|Any CPU.ActiveCfg = Debug|Any CPU
		{98A1D40F-FF26-0016-CBCF-348D72FCEF65}.Debug|Any CPU.Build.0 = Debug|Any CPU
		{98A1D40F-FF26-0016-CBCF-348D72FCEF65}.Release|Any CPU.ActiveCfg = Release|Any CPU
		{98A1D40F-FF26-0016-CBCF-348D72FCEF65}.Release|Any CPU.Build.0 = Release|Any CPU
		{08373901-F958-D9CA-77C6-82D8EABFDB88}.Debug|Any CPU.ActiveCfg = Debug|Any CPU
		{08373901-F958-D9CA-77C6-82D8EABFDB88}.Debug|Any CPU.Build.0 = Debug|Any CPU
		{08373901-F958-D9CA-77C6-82D8EABFDB88}.Release|Any CPU.ActiveCfg = Release|Any CPU
		{08373901-F958-D9CA-77C6-82D8EABFDB88}.Release|Any CPU.Build.0 = Release|Any CPU
		{4C2EF25E-BFC2-E4DF-3AEC-DEE69089F929}.Debug|Any CPU.ActiveCfg = Debug|Any CPU
		{4C2EF25E-BFC2-E4DF-3AEC-DEE69089F929}.Debug|Any CPU.Build.0 = Debug|Any CPU
		{4C2EF25E-BFC2-E4DF-3AEC-DEE69089F929}.Release|Any CPU.ActiveCfg = Release|Any CPU
		{4C2EF25E-BFC2-E4DF-3AEC-DEE69089F929}.Release|Any CPU.Build.0 = Release|Any CPU
		{C9DBD208-6A94-FCF2-B144-488840362D61}.Debug|Any CPU.ActiveCfg = Debug|Any CPU
		{C9DBD208-6A94-FCF2-B144-488840362D61}.Debug|Any CPU.Build.0 = Debug|Any CPU
		{C9DBD208-6A94-FCF2-B144-488840362D61}.Release|Any CPU.ActiveCfg = Release|Any CPU
		{C9DBD208-6A94-FCF2-B144-488840362D61}.Release|Any CPU.Build.0 = Release|Any CPU
		{33B7753D-DD1E-801C-D468-34694BD8CDA5}.Debug|Any CPU.ActiveCfg = Debug|Any CPU
		{33B7753D-DD1E-801C-D468-34694BD8CDA5}.Debug|Any CPU.Build.0 = Debug|Any CPU
		{33B7753D-DD1E-801C-D468-34694BD8CDA5}.Release|Any CPU.ActiveCfg = Release|Any CPU
		{33B7753D-DD1E-801C-D468-34694BD8CDA5}.Release|Any CPU.Build.0 = Release|Any CPU
		{F24453B0-1E82-674D-5A0A-42403AA8BB6A}.Debug|Any CPU.ActiveCfg = Debug|Any CPU
		{F24453B0-1E82-674D-5A0A-42403AA8BB6A}.Debug|Any CPU.Build.0 = Debug|Any CPU
		{F24453B0-1E82-674D-5A0A-42403AA8BB6A}.Release|Any CPU.ActiveCfg = Release|Any CPU
		{F24453B0-1E82-674D-5A0A-42403AA8BB6A}.Release|Any CPU.Build.0 = Release|Any CPU
		{6F00D527-AD62-231D-D2FD-B292E1AB28C2}.Debug|Any CPU.ActiveCfg = Debug|Any CPU
		{6F00D527-AD62-231D-D2FD-B292E1AB28C2}.Debug|Any CPU.Build.0 = Debug|Any CPU
		{6F00D527-AD62-231D-D2FD-B292E1AB28C2}.Release|Any CPU.ActiveCfg = Release|Any CPU
		{6F00D527-AD62-231D-D2FD-B292E1AB28C2}.Release|Any CPU.Build.0 = Release|Any CPU
		{6ADD11B0-E652-2054-2948-29411A859FD3}.Debug|Any CPU.ActiveCfg = Debug|Any CPU
		{6ADD11B0-E652-2054-2948-29411A859FD3}.Debug|Any CPU.Build.0 = Debug|Any CPU
		{6ADD11B0-E652-2054-2948-29411A859FD3}.Release|Any CPU.ActiveCfg = Release|Any CPU
		{6ADD11B0-E652-2054-2948-29411A859FD3}.Release|Any CPU.Build.0 = Release|Any CPU
		{5C115E1E-2751-B268-A3CF-F8EB046242F1}.Debug|Any CPU.ActiveCfg = Debug|Any CPU
		{5C115E1E-2751-B268-A3CF-F8EB046242F1}.Debug|Any CPU.Build.0 = Debug|Any CPU
		{5C115E1E-2751-B268-A3CF-F8EB046242F1}.Release|Any CPU.ActiveCfg = Release|Any CPU
		{5C115E1E-2751-B268-A3CF-F8EB046242F1}.Release|Any CPU.Build.0 = Release|Any CPU
		{C6F5C3BD-346A-D436-7056-AE681BE26C16}.Debug|Any CPU.ActiveCfg = Debug|Any CPU
		{C6F5C3BD-346A-D436-7056-AE681BE26C16}.Debug|Any CPU.Build.0 = Debug|Any CPU
		{C6F5C3BD-346A-D436-7056-AE681BE26C16}.Release|Any CPU.ActiveCfg = Release|Any CPU
		{C6F5C3BD-346A-D436-7056-AE681BE26C16}.Release|Any CPU.Build.0 = Release|Any CPU
		{A8780620-CD5E-3720-71E8-7CEEC1F9DB41}.Debug|Any CPU.ActiveCfg = Debug|Any CPU
		{A8780620-CD5E-3720-71E8-7CEEC1F9DB41}.Debug|Any CPU.Build.0 = Debug|Any CPU
		{A8780620-CD5E-3720-71E8-7CEEC1F9DB41}.Release|Any CPU.ActiveCfg = Release|Any CPU
		{A8780620-CD5E-3720-71E8-7CEEC1F9DB41}.Release|Any CPU.Build.0 = Release|Any CPU
		{58DAE848-4FD8-6CA8-F4A0-D107EB6C1336}.Debug|Any CPU.ActiveCfg = Debug|Any CPU
		{58DAE848-4FD8-6CA8-F4A0-D107EB6C1336}.Debug|Any CPU.Build.0 = Debug|Any CPU
		{58DAE848-4FD8-6CA8-F4A0-D107EB6C1336}.Release|Any CPU.ActiveCfg = Release|Any CPU
		{58DAE848-4FD8-6CA8-F4A0-D107EB6C1336}.Release|Any CPU.Build.0 = Release|Any CPU
		{14FCE28C-1230-B8E6-AD8A-3D4FE70CAC85}.Debug|Any CPU.ActiveCfg = Debug|Any CPU
		{14FCE28C-1230-B8E6-AD8A-3D4FE70CAC85}.Debug|Any CPU.Build.0 = Debug|Any CPU
		{14FCE28C-1230-B8E6-AD8A-3D4FE70CAC85}.Release|Any CPU.ActiveCfg = Release|Any CPU
		{14FCE28C-1230-B8E6-AD8A-3D4FE70CAC85}.Release|Any CPU.Build.0 = Release|Any CPU
		{5E5FC0B7-F9A2-2F61-CB70-F237B638FE15}.Debug|Any CPU.ActiveCfg = Debug|Any CPU
		{5E5FC0B7-F9A2-2F61-CB70-F237B638FE15}.Debug|Any CPU.Build.0 = Debug|Any CPU
		{5E5FC0B7-F9A2-2F61-CB70-F237B638FE15}.Release|Any CPU.ActiveCfg = Release|Any CPU
		{5E5FC0B7-F9A2-2F61-CB70-F237B638FE15}.Release|Any CPU.Build.0 = Release|Any CPU
		{7AA15EDE-C67C-F8BE-2EC2-4E85CC147C06}.Debug|Any CPU.ActiveCfg = Debug|Any CPU
		{7AA15EDE-C67C-F8BE-2EC2-4E85CC147C06}.Debug|Any CPU.Build.0 = Debug|Any CPU
		{7AA15EDE-C67C-F8BE-2EC2-4E85CC147C06}.Release|Any CPU.ActiveCfg = Release|Any CPU
		{7AA15EDE-C67C-F8BE-2EC2-4E85CC147C06}.Release|Any CPU.Build.0 = Release|Any CPU
		{059DBCB0-880E-59DF-BA55-8EAE32E1ABBB}.Debug|Any CPU.ActiveCfg = Debug|Any CPU
		{059DBCB0-880E-59DF-BA55-8EAE32E1ABBB}.Debug|Any CPU.Build.0 = Debug|Any CPU
		{059DBCB0-880E-59DF-BA55-8EAE32E1ABBB}.Release|Any CPU.ActiveCfg = Release|Any CPU
		{059DBCB0-880E-59DF-BA55-8EAE32E1ABBB}.Release|Any CPU.Build.0 = Release|Any CPU
		{E12D842C-C10E-9D72-DE82-94D0161574B8}.Debug|Any CPU.ActiveCfg = Debug|Any CPU
		{E12D842C-C10E-9D72-DE82-94D0161574B8}.Debug|Any CPU.Build.0 = Debug|Any CPU
		{E12D842C-C10E-9D72-DE82-94D0161574B8}.Release|Any CPU.ActiveCfg = Release|Any CPU
		{E12D842C-C10E-9D72-DE82-94D0161574B8}.Release|Any CPU.Build.0 = Release|Any CPU
		{5EC5A029-6E5F-B4ED-3E64-9EE4D3837398}.Debug|Any CPU.ActiveCfg = Debug|Any CPU
		{5EC5A029-6E5F-B4ED-3E64-9EE4D3837398}.Debug|Any CPU.Build.0 = Debug|Any CPU
		{5EC5A029-6E5F-B4ED-3E64-9EE4D3837398}.Release|Any CPU.ActiveCfg = Release|Any CPU
		{5EC5A029-6E5F-B4ED-3E64-9EE4D3837398}.Release|Any CPU.Build.0 = Release|Any CPU
		{FB145DE0-E3FB-F03E-23FD-FF97F1DD2E14}.Debug|Any CPU.ActiveCfg = Debug|Any CPU
		{FB145DE0-E3FB-F03E-23FD-FF97F1DD2E14}.Debug|Any CPU.Build.0 = Debug|Any CPU
		{FB145DE0-E3FB-F03E-23FD-FF97F1DD2E14}.Release|Any CPU.ActiveCfg = Release|Any CPU
		{FB145DE0-E3FB-F03E-23FD-FF97F1DD2E14}.Release|Any CPU.Build.0 = Release|Any CPU
		{E091A859-2461-66D2-B656-8FA42FF74AA7}.Debug|Any CPU.ActiveCfg = Debug|Any CPU
		{E091A859-2461-66D2-B656-8FA42FF74AA7}.Debug|Any CPU.Build.0 = Debug|Any CPU
		{E091A859-2461-66D2-B656-8FA42FF74AA7}.Release|Any CPU.ActiveCfg = Release|Any CPU
		{E091A859-2461-66D2-B656-8FA42FF74AA7}.Release|Any CPU.Build.0 = Release|Any CPU
		{AA0BA68A-E861-A324-47C0-BB2EC6A72839}.Debug|Any CPU.ActiveCfg = Debug|Any CPU
		{AA0BA68A-E861-A324-47C0-BB2EC6A72839}.Debug|Any CPU.Build.0 = Debug|Any CPU
		{AA0BA68A-E861-A324-47C0-BB2EC6A72839}.Release|Any CPU.ActiveCfg = Release|Any CPU
		{AA0BA68A-E861-A324-47C0-BB2EC6A72839}.Release|Any CPU.Build.0 = Release|Any CPU
		{DEDEF42E-FBA2-CE46-C091-1B061A9CFDB0}.Debug|Any CPU.ActiveCfg = Debug|Any CPU
		{DEDEF42E-FBA2-CE46-C091-1B061A9CFDB0}.Debug|Any CPU.Build.0 = Debug|Any CPU
		{DEDEF42E-FBA2-CE46-C091-1B061A9CFDB0}.Release|Any CPU.ActiveCfg = Release|Any CPU
		{DEDEF42E-FBA2-CE46-C091-1B061A9CFDB0}.Release|Any CPU.Build.0 = Release|Any CPU
		{BB536170-A862-DE70-6126-9C10F91B1E4B}.Debug|Any CPU.ActiveCfg = Debug|Any CPU
		{BB536170-A862-DE70-6126-9C10F91B1E4B}.Debug|Any CPU.Build.0 = Debug|Any CPU
		{BB536170-A862-DE70-6126-9C10F91B1E4B}.Release|Any CPU.ActiveCfg = Release|Any CPU
		{BB536170-A862-DE70-6126-9C10F91B1E4B}.Release|Any CPU.Build.0 = Release|Any CPU
		{D81C87FD-501A-2DE1-7D6F-A903C0EC49C9}.Debug|Any CPU.ActiveCfg = Debug|Any CPU
		{D81C87FD-501A-2DE1-7D6F-A903C0EC49C9}.Debug|Any CPU.Build.0 = Debug|Any CPU
		{D81C87FD-501A-2DE1-7D6F-A903C0EC49C9}.Release|Any CPU.ActiveCfg = Release|Any CPU
		{D81C87FD-501A-2DE1-7D6F-A903C0EC49C9}.Release|Any CPU.Build.0 = Release|Any CPU
		{8510536C-C750-CF49-C14C-31BF482BF75B}.Debug|Any CPU.ActiveCfg = Debug|Any CPU
		{8510536C-C750-CF49-C14C-31BF482BF75B}.Debug|Any CPU.Build.0 = Debug|Any CPU
		{8510536C-C750-CF49-C14C-31BF482BF75B}.Release|Any CPU.ActiveCfg = Release|Any CPU
		{8510536C-C750-CF49-C14C-31BF482BF75B}.Release|Any CPU.Build.0 = Release|Any CPU
		{00DD09DF-4194-5AA6-8FE1-17FD389E8712}.Debug|Any CPU.ActiveCfg = Debug|Any CPU
		{00DD09DF-4194-5AA6-8FE1-17FD389E8712}.Debug|Any CPU.Build.0 = Debug|Any CPU
		{00DD09DF-4194-5AA6-8FE1-17FD389E8712}.Release|Any CPU.ActiveCfg = Release|Any CPU
		{00DD09DF-4194-5AA6-8FE1-17FD389E8712}.Release|Any CPU.Build.0 = Release|Any CPU
		{F2C2AD61-CB42-E2ED-A7C3-2C1AE4F28606}.Debug|Any CPU.ActiveCfg = Debug|Any CPU
		{F2C2AD61-CB42-E2ED-A7C3-2C1AE4F28606}.Debug|Any CPU.Build.0 = Debug|Any CPU
		{F2C2AD61-CB42-E2ED-A7C3-2C1AE4F28606}.Release|Any CPU.ActiveCfg = Release|Any CPU
		{F2C2AD61-CB42-E2ED-A7C3-2C1AE4F28606}.Release|Any CPU.Build.0 = Release|Any CPU
		{61AE28F4-D166-5638-208A-E0C48DF8909B}.Debug|Any CPU.ActiveCfg = Debug|Any CPU
		{61AE28F4-D166-5638-208A-E0C48DF8909B}.Debug|Any CPU.Build.0 = Debug|Any CPU
		{61AE28F4-D166-5638-208A-E0C48DF8909B}.Release|Any CPU.ActiveCfg = Release|Any CPU
		{61AE28F4-D166-5638-208A-E0C48DF8909B}.Release|Any CPU.Build.0 = Release|Any CPU
		{8C34951A-CE2F-3FE6-FF51-0AC670C99387}.Debug|Any CPU.ActiveCfg = Debug|Any CPU
		{8C34951A-CE2F-3FE6-FF51-0AC670C99387}.Debug|Any CPU.Build.0 = Debug|Any CPU
		{8C34951A-CE2F-3FE6-FF51-0AC670C99387}.Release|Any CPU.ActiveCfg = Release|Any CPU
		{8C34951A-CE2F-3FE6-FF51-0AC670C99387}.Release|Any CPU.Build.0 = Release|Any CPU
		{326EF8ED-709C-968D-D686-1164D78F44EE}.Debug|Any CPU.ActiveCfg = Debug|Any CPU
		{326EF8ED-709C-968D-D686-1164D78F44EE}.Debug|Any CPU.Build.0 = Debug|Any CPU
		{326EF8ED-709C-968D-D686-1164D78F44EE}.Release|Any CPU.ActiveCfg = Release|Any CPU
		{326EF8ED-709C-968D-D686-1164D78F44EE}.Release|Any CPU.Build.0 = Release|Any CPU
		{CA7D7F36-0BF1-0C56-91FF-709A80EE39B4}.Debug|Any CPU.ActiveCfg = Debug|Any CPU
		{CA7D7F36-0BF1-0C56-91FF-709A80EE39B4}.Debug|Any CPU.Build.0 = Debug|Any CPU
		{CA7D7F36-0BF1-0C56-91FF-709A80EE39B4}.Release|Any CPU.ActiveCfg = Release|Any CPU
		{CA7D7F36-0BF1-0C56-91FF-709A80EE39B4}.Release|Any CPU.Build.0 = Release|Any CPU
		{79847ABF-9A48-DBC2-9A57-A5D171539ADB}.Debug|Any CPU.ActiveCfg = Debug|Any CPU
		{79847ABF-9A48-DBC2-9A57-A5D171539ADB}.Debug|Any CPU.Build.0 = Debug|Any CPU
		{79847ABF-9A48-DBC2-9A57-A5D171539ADB}.Release|Any CPU.ActiveCfg = Release|Any CPU
		{79847ABF-9A48-DBC2-9A57-A5D171539ADB}.Release|Any CPU.Build.0 = Release|Any CPU
		{1CB088CA-DACF-56A7-0906-48D2CD182A6A}.Debug|Any CPU.ActiveCfg = Debug|Any CPU
		{1CB088CA-DACF-56A7-0906-48D2CD182A6A}.Debug|Any CPU.Build.0 = Debug|Any CPU
		{1CB088CA-DACF-56A7-0906-48D2CD182A6A}.Release|Any CPU.ActiveCfg = Release|Any CPU
		{1CB088CA-DACF-56A7-0906-48D2CD182A6A}.Release|Any CPU.Build.0 = Release|Any CPU
		{D2DC5E6A-5E7B-04EB-7701-E9A66EE7084E}.Debug|Any CPU.ActiveCfg = Debug|Any CPU
		{D2DC5E6A-5E7B-04EB-7701-E9A66EE7084E}.Debug|Any CPU.Build.0 = Debug|Any CPU
		{D2DC5E6A-5E7B-04EB-7701-E9A66EE7084E}.Release|Any CPU.ActiveCfg = Release|Any CPU
		{D2DC5E6A-5E7B-04EB-7701-E9A66EE7084E}.Release|Any CPU.Build.0 = Release|Any CPU
		{094C31A4-6893-0080-8DEE-3C02DF0089E7}.Debug|Any CPU.ActiveCfg = Debug|Any CPU
		{094C31A4-6893-0080-8DEE-3C02DF0089E7}.Debug|Any CPU.Build.0 = Debug|Any CPU
		{094C31A4-6893-0080-8DEE-3C02DF0089E7}.Release|Any CPU.ActiveCfg = Release|Any CPU
		{094C31A4-6893-0080-8DEE-3C02DF0089E7}.Release|Any CPU.Build.0 = Release|Any CPU
		{6424C1BB-10BA-9C1F-AEAD-69B1E41DDA59}.Debug|Any CPU.ActiveCfg = Debug|Any CPU
		{6424C1BB-10BA-9C1F-AEAD-69B1E41DDA59}.Debug|Any CPU.Build.0 = Debug|Any CPU
		{6424C1BB-10BA-9C1F-AEAD-69B1E41DDA59}.Release|Any CPU.ActiveCfg = Release|Any CPU
		{6424C1BB-10BA-9C1F-AEAD-69B1E41DDA59}.Release|Any CPU.Build.0 = Release|Any CPU
		{AED1894F-E32A-CC19-DA25-01E1E7A88E93}.Debug|Any CPU.ActiveCfg = Debug|Any CPU
		{AED1894F-E32A-CC19-DA25-01E1E7A88E93}.Debug|Any CPU.Build.0 = Debug|Any CPU
		{AED1894F-E32A-CC19-DA25-01E1E7A88E93}.Release|Any CPU.ActiveCfg = Release|Any CPU
		{AED1894F-E32A-CC19-DA25-01E1E7A88E93}.Release|Any CPU.Build.0 = Release|Any CPU
		{6E296488-6CE2-06C6-B97F-AC9560558D21}.Debug|Any CPU.ActiveCfg = Debug|Any CPU
		{6E296488-6CE2-06C6-B97F-AC9560558D21}.Debug|Any CPU.Build.0 = Debug|Any CPU
		{6E296488-6CE2-06C6-B97F-AC9560558D21}.Release|Any CPU.ActiveCfg = Release|Any CPU
		{6E296488-6CE2-06C6-B97F-AC9560558D21}.Release|Any CPU.Build.0 = Release|Any CPU
		{044A4C67-4ED9-AA14-B4AB-9E944086D4BA}.Debug|Any CPU.ActiveCfg = Debug|Any CPU
		{044A4C67-4ED9-AA14-B4AB-9E944086D4BA}.Debug|Any CPU.Build.0 = Debug|Any CPU
		{044A4C67-4ED9-AA14-B4AB-9E944086D4BA}.Release|Any CPU.ActiveCfg = Release|Any CPU
		{044A4C67-4ED9-AA14-B4AB-9E944086D4BA}.Release|Any CPU.Build.0 = Release|Any CPU
		{656B25ED-E51B-37FF-FD28-C76F3BCF9399}.Debug|Any CPU.ActiveCfg = Debug|Any CPU
		{656B25ED-E51B-37FF-FD28-C76F3BCF9399}.Debug|Any CPU.Build.0 = Debug|Any CPU
		{656B25ED-E51B-37FF-FD28-C76F3BCF9399}.Release|Any CPU.ActiveCfg = Release|Any CPU
		{656B25ED-E51B-37FF-FD28-C76F3BCF9399}.Release|Any CPU.Build.0 = Release|Any CPU
	EndGlobalSection
	GlobalSection(SolutionProperties) = preSolution
		HideSolutionNode = FALSE
	EndGlobalSection
EndGlobal
