
Microsoft Visual Studio Solution File, Format Version 12.00
# Visual Studio 15
Project("{FAE04EC0-301F-11D3-BF4B-00C04F79EFBC}") = "Unity.Timeline", "Unity.Timeline.csproj", "{3A4C2DC1-1F07-E33E-9173-6CA714B754B7}"
EndProject
Project("{FAE04EC0-301F-11D3-BF4B-00C04F79EFBC}") = "Unity.2D.Aseprite.Editor", "Unity.2D.Aseprite.Editor.csproj", "{E400549B-906E-73FE-5D1C-C92C6246BDF2}"
EndProject
Project("{FAE04EC0-301F-11D3-BF4B-00C04F79EFBC}") = "Unity.VisualScripting.Flow", "Unity.VisualScripting.Flow.csproj", "{BA4307D1-DE75-77A7-50C2-1A489A8B7983}"
EndProject
Project("{FAE04EC0-301F-11D3-BF4B-00C04F79EFBC}") = "Unity.Timeline.Editor", "Unity.Timeline.Editor.csproj", "{D212B3B1-EF92-20C6-70C7-CF94EA21D358}"
EndProject
Project("{FAE04EC0-301F-11D3-BF4B-00C04F79EFBC}") = "Unity.PlasticSCM.Editor", "Unity.PlasticSCM.Editor.csproj", "{C47BAA60-B271-8981-8530-F08D3F36FCFE}"
EndProject
Project("{FAE04EC0-301F-11D3-BF4B-00C04F79EFBC}") = "Unity.Mathematics", "Unity.Mathematics.csproj", "{B408D95F-22B2-C0A6-9E11-CA6B5FB1204C}"
EndProject
Project("{FAE04EC0-301F-11D3-BF4B-00C04F79EFBC}") = "Unity.2D.Common.Path.Editor", "Unity.2D.Common.Path.Editor.csproj", "{47AC7CA5-4481-9DAC-B6AC-84EE27A9EF4D}"
EndProject
Project("{FAE04EC0-301F-11D3-BF4B-00C04F79EFBC}") = "Unity.2D.Psdimporter.Editor", "Unity.2D.Psdimporter.Editor.csproj", "{B2CE7D2A-CFDE-F3C0-FF57-D0C0C420C501}"
EndProject
Project("{FAE04EC0-301F-11D3-BF4B-00C04F79EFBC}") = "Unity.Collections", "Unity.Collections.csproj", "{A08C481F-EAC7-109B-9256-59D08477D2E2}"
EndProject
Project("{FAE04EC0-301F-11D3-BF4B-00C04F79EFBC}") = "Unity.VisualScripting.Core.Editor", "Unity.VisualScripting.Core.Editor.csproj", "{7F509B4D-E18E-21D6-B6FF-AE1EB1708125}"
EndProject
Project("{FAE04EC0-301F-11D3-BF4B-00C04F79EFBC}") = "Unity.2D.IK.Runtime", "Unity.2D.IK.Runtime.csproj", "{A69D2346-9344-317B-26B8-A8A9D3B8981D}"
EndProject
Project("{FAE04EC0-301F-11D3-BF4B-00C04F79EFBC}") = "UnityEditor.TestRunner", "UnityEditor.TestRunner.csproj", "{3BEA53F2-73F2-A749-1F5C-01624C07D728}"
EndProject
Project("{FAE04EC0-301F-11D3-BF4B-00C04F79EFBC}") = "Unity.PerformanceTesting.Editor", "Unity.PerformanceTesting.Editor.csproj", "{75B7AF27-B4E0-A092-DC6F-8368EB0F8999}"
EndProject
Project("{FAE04EC0-301F-11D3-BF4B-00C04F79EFBC}") = "UnityEngine.TestRunner", "UnityEngine.TestRunner.csproj", "{67AF14A5-10A1-B5DB-7C39-90E0E1A22EC1}"
EndProject
Project("{FAE04EC0-301F-11D3-BF4B-00C04F79EFBC}") = "Unity.VisualScripting.Core", "Unity.VisualScripting.Core.csproj", "{12055461-159D-5CDD-CDBB-27349EAFFAB2}"
EndProject
Project("{FAE04EC0-301F-11D3-BF4B-00C04F79EFBC}") = "Unity.VisualScripting.Flow.Editor", "Unity.VisualScripting.Flow.Editor.csproj", "{0E4B25E3-FA9A-97A1-2985-D09422458700}"
EndProject
Project("{FAE04EC0-301F-11D3-BF4B-00C04F79EFBC}") = "Unity.Burst", "Unity.Burst.csproj", "{00ADC8B5-051F-CDAA-3359-362550335B89}"
EndProject
Project("{FAE04EC0-301F-11D3-BF4B-00C04F79EFBC}") = "PsdPlugin", "PsdPlugin.csproj", "{FD8F7AEC-1B77-30BC-46DB-A7C8444835CA}"
EndProject
Project("{FAE04EC0-301F-11D3-BF4B-00C04F79EFBC}") = "Unity.2D.Animation.Editor", "Unity.2D.Animation.Editor.csproj", "{EF63370A-FDC7-1FF6-0DA0-4605067A5269}"
EndProject
Project("{FAE04EC0-301F-11D3-BF4B-00C04F79EFBC}") = "Unity.2D.SpriteShape.Editor", "Unity.2D.SpriteShape.Editor.csproj", "{BAAF8785-C6DC-BE8A-9D94-01511C9C03D0}"
EndProject
Project("{FAE04EC0-301F-11D3-BF4B-00C04F79EFBC}") = "Unity.VisualStudio.Editor", "Unity.VisualStudio.Editor.csproj", "{D4F812EE-3516-E4A4-020D-EE7F66BB0670}"
EndProject
Project("{FAE04EC0-301F-11D3-BF4B-00C04F79EFBC}") = "Unity.AdaptivePerformance", "Unity.AdaptivePerformance.csproj", "{C9587DB0-DE62-18A6-B5E3-BF820B8435AB}"
EndProject
Project("{FAE04EC0-301F-11D3-BF4B-00C04F79EFBC}") = "Unity.Rider.Editor", "Unity.Rider.Editor.csproj", "{70891BA5-7F0E-A48E-E6C9-069BB366B118}"
EndProject
Project("{FAE04EC0-301F-11D3-BF4B-00C04F79EFBC}") = "Unity.Notifications.Android", "Unity.Notifications.Android.csproj", "{EE16178D-17A6-BE46-D5F2-3B8593695275}"
EndProject
Project("{FAE04EC0-301F-11D3-BF4B-00C04F79EFBC}") = "Unity.InternalAPIEditorBridge.001", "Unity.InternalAPIEditorBridge.001.csproj", "{14FCE28C-1230-B8E6-AD8A-3D4FE70CAC85}"
EndProject
Project("{FAE04EC0-301F-11D3-BF4B-00C04F79EFBC}") = "Unity.2D.SpriteShape.Runtime", "Unity.2D.SpriteShape.Runtime.csproj", "{4F06888D-5556-D980-3774-23A8D3ADD1EC}"
EndProject
Project("{FAE04EC0-301F-11D3-BF4B-00C04F79EFBC}") = "Unity.VisualScripting.State.Editor", "Unity.VisualScripting.State.Editor.csproj", "{4059DAFA-6249-68FB-2B17-B1DD70EEED21}"
EndProject
Project("{FAE04EC0-301F-11D3-BF4B-00C04F79EFBC}") = "ScriptablePacker", "ScriptablePacker.csproj", "{D2DC5E6A-5E7B-04EB-7701-E9A66EE7084E}"
EndProject
Project("{FAE04EC0-301F-11D3-BF4B-00C04F79EFBC}") = "Assembly-CSharp", "Assembly-CSharp.csproj", "{7AB0EF3A-F93C-36DF-AB3E-C68BB14E39BE}"
EndProject
Project("{FAE04EC0-301F-11D3-BF4B-00C04F79EFBC}") = "Unity.Burst.CodeGen", "Unity.Burst.CodeGen.csproj", "{0D7DB1FB-CA9B-D474-AB9B-B264E98C0B02}"
EndProject
Project("{FAE04EC0-301F-11D3-BF4B-00C04F79EFBC}") = "Unity.PerformanceTesting", "Unity.PerformanceTesting.csproj", "{23F1E5C7-8869-4157-9F43-4E74E24EDFD9}"
EndProject
Project("{FAE04EC0-301F-11D3-BF4B-00C04F79EFBC}") = "Unity.VisualScripting.State", "Unity.VisualScripting.State.csproj", "{8FCC99C6-722F-833D-AE20-5BDFC09D40B1}"
EndProject
Project("{FAE04EC0-301F-11D3-BF4B-00C04F79EFBC}") = "Unity.2D.Tilemap.Extras.Editor", "Unity.2D.Tilemap.Extras.Editor.csproj", "{E6A599C3-8F4D-155D-A70E-ADED8E98481B}"
EndProject
Project("{FAE04EC0-301F-11D3-BF4B-00C04F79EFBC}") = "Unity.Mobile.AndroidLogcat.Editor", "Unity.Mobile.AndroidLogcat.Editor.csproj", "{5050D0A7-1B2B-2103-D933-7766CCF6E5EF}"
EndProject
Project("{FAE04EC0-301F-11D3-BF4B-00C04F79EFBC}") = "Unity.AdaptivePerformance.Editor", "Unity.AdaptivePerformance.Editor.csproj", "{A08FC5A8-E29E-007C-D7D6-D5E124FAB252}"
EndProject
Project("{FAE04EC0-301F-11D3-BF4B-00C04F79EFBC}") = "Unity.2D.Animation.Runtime", "Unity.2D.Animation.Runtime.csproj", "{98A1D40F-FF26-0016-CBCF-348D72FCEF65}"
EndProject
Project("{FAE04EC0-301F-11D3-BF4B-00C04F79EFBC}") = "Unity.VisualScripting.SettingsProvider.Editor", "Unity.VisualScripting.SettingsProvider.Editor.csproj", "{4C2EF25E-BFC2-E4DF-3AEC-DEE69089F929}"
EndProject
Project("{FAE04EC0-301F-11D3-BF4B-00C04F79EFBC}") = "Unity.2D.IK.Editor", "Unity.2D.IK.Editor.csproj", "{C3A4D953-70F5-7E99-6604-5F7A882BD95F}"
EndProject
Project("{FAE04EC0-301F-11D3-BF4B-00C04F79EFBC}") = "Unity.InternalAPIEngineBridge.001", "Unity.InternalAPIEngineBridge.001.csproj", "{AC6F9E76-231C-646F-387A-96956F1889AF}"
EndProject
Project("{FAE04EC0-301F-11D3-BF4B-00C04F79EFBC}") = "Unity.Burst.Editor", "Unity.Burst.Editor.csproj", "{43FAAC9A-9132-1DBF-8648-816BD5C7F394}"
EndProject
Project("{FAE04EC0-301F-11D3-BF4B-00C04F79EFBC}") = "Unity.2D.Aseprite.Common", "Unity.2D.Aseprite.Common.csproj", "{25D171FD-C039-0558-9987-2D32F1D9939D}"
EndProject
Project("{FAE04EC0-301F-11D3-BF4B-00C04F79EFBC}") = "Unity.2D.Common.Editor", "Unity.2D.Common.Editor.csproj", "{0457EA55-2A75-5914-C978-667AA72470BE}"
EndProject
Project("{FAE04EC0-301F-11D3-BF4B-00C04F79EFBC}") = "Unity.Notifications.iOS", "Unity.Notifications.iOS.csproj", "{33B7753D-DD1E-801C-D468-34694BD8CDA5}"
EndProject
Project("{FAE04EC0-301F-11D3-BF4B-00C04F79EFBC}") = "Unity.2D.PixelPerfect", "Unity.2D.PixelPerfect.csproj", "{CA7D7F36-0BF1-0C56-91FF-709A80EE39B4}"
EndProject
Project("{FAE04EC0-301F-11D3-BF4B-00C04F79EFBC}") = "Unity.Notifications", "Unity.Notifications.csproj", "{5D8FD78A-9936-5C07-6AFD-F0726E0C4572}"
EndProject
Project("{FAE04EC0-301F-11D3-BF4B-00C04F79EFBC}") = "Unity.AdaptivePerformance.UI.Editor", "Unity.AdaptivePerformance.UI.Editor.csproj", "{094C31A4-6893-0080-8DEE-3C02DF0089E7}"
EndProject
Project("{FAE04EC0-301F-11D3-BF4B-00C04F79EFBC}") = "Unity.AdaptivePerformance.Google.Android.Editor", "Unity.AdaptivePerformance.Google.Android.Editor.csproj", "{58DAE848-4FD8-6CA8-F4A0-D107EB6C1336}"
EndProject
Project("{FAE04EC0-301F-11D3-BF4B-00C04F79EFBC}") = "Unity.2D.PixelPerfect.Editor", "Unity.2D.PixelPerfect.Editor.csproj", "{F9150B0A-3EE7-D023-45C3-50F6CFB13E5C}"
EndProject
Project("{FAE04EC0-301F-11D3-BF4B-00C04F79EFBC}") = "Unity.2D.Common.Runtime", "Unity.2D.Common.Runtime.csproj", "{8510536C-C750-CF49-C14C-31BF482BF75B}"
EndProject
Project("{FAE04EC0-301F-11D3-BF4B-00C04F79EFBC}") = "Unity.AdaptivePerformance.Samsung.Android", "Unity.AdaptivePerformance.Samsung.Android.csproj", "{3558EA9F-4598-C20D-5C00-F6DDE6FA787F}"
EndProject
Project("{FAE04EC0-301F-11D3-BF4B-00C04F79EFBC}") = "Unity.Notifications.Unified", "Unity.Notifications.Unified.csproj", "{8D4A350F-58FB-BECA-B370-46EFF3736EDA}"
EndProject
Project("{FAE04EC0-301F-11D3-BF4B-00C04F79EFBC}") = "Unity.Collections.CodeGen", "Unity.Collections.CodeGen.csproj", "{5F7B8DBC-A83E-5A4E-7958-FFC7083A0F0D}"
EndProject
Project("{FAE04EC0-301F-11D3-BF4B-00C04F79EFBC}") = "Unity.Mathematics.Editor", "Unity.Mathematics.Editor.csproj", "{08373901-F958-D9CA-77C6-82D8EABFDB88}"
EndProject
Project("{FAE04EC0-301F-11D3-BF4B-00C04F79EFBC}") = "Unity.2D.Tilemap.Extras", "Unity.2D.Tilemap.Extras.csproj", "{69A17307-CB9F-4935-12B4-CA4297DB1E61}"
EndProject
Project("{FAE04EC0-301F-11D3-BF4B-00C04F79EFBC}") = "Unity.AdaptivePerformance.Google.Android", "Unity.AdaptivePerformance.Google.Android.csproj", "{F24453B0-1E82-674D-5A0A-42403AA8BB6A}"
EndProject
Project("{FAE04EC0-301F-11D3-BF4B-00C04F79EFBC}") = "Assembly-CSharp-Editor", "Assembly-CSharp-Editor.csproj", "{6ADD11B0-E652-2054-2948-29411A859FD3}"
EndProject
Project("{FAE04EC0-301F-11D3-BF4B-00C04F79EFBC}") = "Unity.AdaptivePerformance.Simulator.VRR.Extension", "Unity.AdaptivePerformance.Simulator.VRR.Extension.csproj", "{C6F5C3BD-346A-D436-7056-AE681BE26C16}"
EndProject
Project("{FAE04EC0-301F-11D3-BF4B-00C04F79EFBC}") = "Unity.AdaptivePerformance.Samsung.Android.Editor", "Unity.AdaptivePerformance.Samsung.Android.Editor.csproj", "{7AA15EDE-C67C-F8BE-2EC2-4E85CC147C06}"
EndProject
Project("{FAE04EC0-301F-11D3-BF4B-00C04F79EFBC}") = "Unity.VisualScripting.Shared.Editor", "Unity.VisualScripting.Shared.Editor.csproj", "{5E5FC0B7-F9A2-2F61-CB70-F237B638FE15}"
EndProject
Project("{FAE04EC0-301F-11D3-BF4B-00C04F79EFBC}") = "Unity.Profiling.Core", "Unity.Profiling.Core.csproj", "{059DBCB0-880E-59DF-BA55-8EAE32E1ABBB}"
EndProject
Project("{FAE04EC0-301F-11D3-BF4B-00C04F79EFBC}") = "Unity.AdaptivePerformance.Simulator.Editor", "Unity.AdaptivePerformance.Simulator.Editor.csproj", "{E091A859-2461-66D2-B656-8FA42FF74AA7}"
EndProject
Project("{FAE04EC0-301F-11D3-BF4B-00C04F79EFBC}") = "Unity.AdaptivePerformance.Profiler.Editor", "Unity.AdaptivePerformance.Profiler.Editor.csproj", "{D81C87FD-501A-2DE1-7D6F-A903C0EC49C9}"
EndProject
Project("{FAE04EC0-301F-11D3-BF4B-00C04F79EFBC}") = "Unity.AdaptivePerformance.Simulator.Extension", "Unity.AdaptivePerformance.Simulator.Extension.csproj", "{6E296488-6CE2-06C6-B97F-AC9560558D21}"
EndProject
Project("{FAE04EC0-301F-11D3-BF4B-00C04F79EFBC}") = "Unity.AdaptivePerformance.Simulator.Google.Extension", "Unity.AdaptivePerformance.Simulator.Google.Extension.csproj", "{61AE28F4-D166-5638-208A-E0C48DF8909B}"
EndProject
Project("{FAE04EC0-301F-11D3-BF4B-00C04F79EFBC}") = "Unity.Collections.Editor", "Unity.Collections.Editor.csproj", "{656B25ED-E51B-37FF-FD28-C76F3BCF9399}"
EndProject
Project("{FAE04EC0-301F-11D3-BF4B-00C04F79EFBC}") = "Unity.CollabProxy.Editor", "Unity.CollabProxy.Editor.csproj", "{1CB088CA-DACF-56A7-0906-48D2CD182A6A}"
EndProject
Global
	GlobalSection(SolutionConfigurationPlatforms) = preSolution
		Debug|Any CPU = Debug|Any CPU
		Release|Any CPU = Release|Any CPU
	EndGlobalSection
	GlobalSection(ProjectConfigurationPlatforms) = postSolution
		{3A4C2DC1-1F07-E33E-9173-6CA714B754B7}.Debug|Any CPU.ActiveCfg = Debug|Any CPU
		{3A4C2DC1-1F07-E33E-9173-6CA714B754B7}.Debug|Any CPU.Build.0 = Debug|Any CPU
		{3A4C2DC1-1F07-E33E-9173-6CA714B754B7}.Release|Any CPU.ActiveCfg = Release|Any CPU
		{3A4C2DC1-1F07-E33E-9173-6CA714B754B7}.Release|Any CPU.Build.0 = Release|Any CPU
		{E400549B-906E-73FE-5D1C-C92C6246BDF2}.Debug|Any CPU.ActiveCfg = Debug|Any CPU
		{E400549B-906E-73FE-5D1C-C92C6246BDF2}.Debug|Any CPU.Build.0 = Debug|Any CPU
		{E400549B-906E-73FE-5D1C-C92C6246BDF2}.Release|Any CPU.ActiveCfg = Release|Any CPU
		{E400549B-906E-73FE-5D1C-C92C6246BDF2}.Release|Any CPU.Build.0 = Release|Any CPU
		{BA4307D1-DE75-77A7-50C2-1A489A8B7983}.Debug|Any CPU.ActiveCfg = Debug|Any CPU
		{BA4307D1-DE75-77A7-50C2-1A489A8B7983}.Debug|Any CPU.Build.0 = Debug|Any CPU
		{BA4307D1-DE75-77A7-50C2-1A489A8B7983}.Release|Any CPU.ActiveCfg = Release|Any CPU
		{BA4307D1-DE75-77A7-50C2-1A489A8B7983}.Release|Any CPU.Build.0 = Release|Any CPU
		{D212B3B1-EF92-20C6-70C7-CF94EA21D358}.Debug|Any CPU.ActiveCfg = Debug|Any CPU
		{D212B3B1-EF92-20C6-70C7-CF94EA21D358}.Debug|Any CPU.Build.0 = Debug|Any CPU
		{D212B3B1-EF92-20C6-70C7-CF94EA21D358}.Release|Any CPU.ActiveCfg = Release|Any CPU
		{D212B3B1-EF92-20C6-70C7-CF94EA21D358}.Release|Any CPU.Build.0 = Release|Any CPU
		{C47BAA60-B271-8981-8530-F08D3F36FCFE}.Debug|Any CPU.ActiveCfg = Debug|Any CPU
		{C47BAA60-B271-8981-8530-F08D3F36FCFE}.Debug|Any CPU.Build.0 = Debug|Any CPU
		{C47BAA60-B271-8981-8530-F08D3F36FCFE}.Release|Any CPU.ActiveCfg = Release|Any CPU
		{C47BAA60-B271-8981-8530-F08D3F36FCFE}.Release|Any CPU.Build.0 = Release|Any CPU
		{B408D95F-22B2-C0A6-9E11-CA6B5FB1204C}.Debug|Any CPU.ActiveCfg = Debug|Any CPU
		{B408D95F-22B2-C0A6-9E11-CA6B5FB1204C}.Debug|Any CPU.Build.0 = Debug|Any CPU
		{B408D95F-22B2-C0A6-9E11-CA6B5FB1204C}.Release|Any CPU.ActiveCfg = Release|Any CPU
		{B408D95F-22B2-C0A6-9E11-CA6B5FB1204C}.Release|Any CPU.Build.0 = Release|Any CPU
		{47AC7CA5-4481-9DAC-B6AC-84EE27A9EF4D}.Debug|Any CPU.ActiveCfg = Debug|Any CPU
		{47AC7CA5-4481-9DAC-B6AC-84EE27A9EF4D}.Debug|Any CPU.Build.0 = Debug|Any CPU
		{47AC7CA5-4481-9DAC-B6AC-84EE27A9EF4D}.Release|Any CPU.ActiveCfg = Release|Any CPU
		{47AC7CA5-4481-9DAC-B6AC-84EE27A9EF4D}.Release|Any CPU.Build.0 = Release|Any CPU
		{B2CE7D2A-CFDE-F3C0-FF57-D0C0C420C501}.Debug|Any CPU.ActiveCfg = Debug|Any CPU
		{B2CE7D2A-CFDE-F3C0-FF57-D0C0C420C501}.Debug|Any CPU.Build.0 = Debug|Any CPU
		{B2CE7D2A-CFDE-F3C0-FF57-D0C0C420C501}.Release|Any CPU.ActiveCfg = Release|Any CPU
		{B2CE7D2A-CFDE-F3C0-FF57-D0C0C420C501}.Release|Any CPU.Build.0 = Release|Any CPU
		{A08C481F-EAC7-109B-9256-59D08477D2E2}.Debug|Any CPU.ActiveCfg = Debug|Any CPU
		{A08C481F-EAC7-109B-9256-59D08477D2E2}.Debug|Any CPU.Build.0 = Debug|Any CPU
		{A08C481F-EAC7-109B-9256-59D08477D2E2}.Release|Any CPU.ActiveCfg = Release|Any CPU
		{A08C481F-EAC7-109B-9256-59D08477D2E2}.Release|Any CPU.Build.0 = Release|Any CPU
		{7F509B4D-E18E-21D6-B6FF-AE1EB1708125}.Debug|Any CPU.ActiveCfg = Debug|Any CPU
		{7F509B4D-E18E-21D6-B6FF-AE1EB1708125}.Debug|Any CPU.Build.0 = Debug|Any CPU
		{7F509B4D-E18E-21D6-B6FF-AE1EB1708125}.Release|Any CPU.ActiveCfg = Release|Any CPU
		{7F509B4D-E18E-21D6-B6FF-AE1EB1708125}.Release|Any CPU.Build.0 = Release|Any CPU
		{A69D2346-9344-317B-26B8-A8A9D3B8981D}.Debug|Any CPU.ActiveCfg = Debug|Any CPU
		{A69D2346-9344-317B-26B8-A8A9D3B8981D}.Debug|Any CPU.Build.0 = Debug|Any CPU
		{A69D2346-9344-317B-26B8-A8A9D3B8981D}.Release|Any CPU.ActiveCfg = Release|Any CPU
		{A69D2346-9344-317B-26B8-A8A9D3B8981D}.Release|Any CPU.Build.0 = Release|Any CPU
		{3BEA53F2-73F2-A749-1F5C-01624C07D728}.Debug|Any CPU.ActiveCfg = Debug|Any CPU
		{3BEA53F2-73F2-A749-1F5C-01624C07D728}.Debug|Any CPU.Build.0 = Debug|Any CPU
		{3BEA53F2-73F2-A749-1F5C-01624C07D728}.Release|Any CPU.ActiveCfg = Release|Any CPU
		{3BEA53F2-73F2-A749-1F5C-01624C07D728}.Release|Any CPU.Build.0 = Release|Any CPU
		{75B7AF27-B4E0-A092-DC6F-8368EB0F8999}.Debug|Any CPU.ActiveCfg = Debug|Any CPU
		{75B7AF27-B4E0-A092-DC6F-8368EB0F8999}.Debug|Any CPU.Build.0 = Debug|Any CPU
		{75B7AF27-B4E0-A092-DC6F-8368EB0F8999}.Release|Any CPU.ActiveCfg = Release|Any CPU
		{75B7AF27-B4E0-A092-DC6F-8368EB0F8999}.Release|Any CPU.Build.0 = Release|Any CPU
		{67AF14A5-10A1-B5DB-7C39-90E0E1A22EC1}.Debug|Any CPU.ActiveCfg = Debug|Any CPU
		{67AF14A5-10A1-B5DB-7C39-90E0E1A22EC1}.Debug|Any CPU.Build.0 = Debug|Any CPU
		{67AF14A5-10A1-B5DB-7C39-90E0E1A22EC1}.Release|Any CPU.ActiveCfg = Release|Any CPU
		{67AF14A5-10A1-B5DB-7C39-90E0E1A22EC1}.Release|Any CPU.Build.0 = Release|Any CPU
		{12055461-159D-5CDD-CDBB-27349EAFFAB2}.Debug|Any CPU.ActiveCfg = Debug|Any CPU
		{12055461-159D-5CDD-CDBB-27349EAFFAB2}.Debug|Any CPU.Build.0 = Debug|Any CPU
		{12055461-159D-5CDD-CDBB-27349EAFFAB2}.Release|Any CPU.ActiveCfg = Release|Any CPU
		{12055461-159D-5CDD-CDBB-27349EAFFAB2}.Release|Any CPU.Build.0 = Release|Any CPU
		{0E4B25E3-FA9A-97A1-2985-D09422458700}.Debug|Any CPU.ActiveCfg = Debug|Any CPU
		{0E4B25E3-FA9A-97A1-2985-D09422458700}.Debug|Any CPU.Build.0 = Debug|Any CPU
		{0E4B25E3-FA9A-97A1-2985-D09422458700}.Release|Any CPU.ActiveCfg = Release|Any CPU
		{0E4B25E3-FA9A-97A1-2985-D09422458700}.Release|Any CPU.Build.0 = Release|Any CPU
		{00ADC8B5-051F-CDAA-3359-362550335B89}.Debug|Any CPU.ActiveCfg = Debug|Any CPU
		{00ADC8B5-051F-CDAA-3359-362550335B89}.Debug|Any CPU.Build.0 = Debug|Any CPU
		{00ADC8B5-051F-CDAA-3359-362550335B89}.Release|Any CPU.ActiveCfg = Release|Any CPU
		{00ADC8B5-051F-CDAA-3359-362550335B89}.Release|Any CPU.Build.0 = Release|Any CPU
		{FD8F7AEC-1B77-30BC-46DB-A7C8444835CA}.Debug|Any CPU.ActiveCfg = Debug|Any CPU
		{FD8F7AEC-1B77-30BC-46DB-A7C8444835CA}.Debug|Any CPU.Build.0 = Debug|Any CPU
		{FD8F7AEC-1B77-30BC-46DB-A7C8444835CA}.Release|Any CPU.ActiveCfg = Release|Any CPU
		{FD8F7AEC-1B77-30BC-46DB-A7C8444835CA}.Release|Any CPU.Build.0 = Release|Any CPU
		{EF63370A-FDC7-1FF6-0DA0-4605067A5269}.Debug|Any CPU.ActiveCfg = Debug|Any CPU
		{EF63370A-FDC7-1FF6-0DA0-4605067A5269}.Debug|Any CPU.Build.0 = Debug|Any CPU
		{EF63370A-FDC7-1FF6-0DA0-4605067A5269}.Release|Any CPU.ActiveCfg = Release|Any CPU
		{EF63370A-FDC7-1FF6-0DA0-4605067A5269}.Release|Any CPU.Build.0 = Release|Any CPU
		{BAAF8785-C6DC-BE8A-9D94-01511C9C03D0}.Debug|Any CPU.ActiveCfg = Debug|Any CPU
		{BAAF8785-C6DC-BE8A-9D94-01511C9C03D0}.Debug|Any CPU.Build.0 = Debug|Any CPU
		{BAAF8785-C6DC-BE8A-9D94-01511C9C03D0}.Release|Any CPU.ActiveCfg = Release|Any CPU
		{BAAF8785-C6DC-BE8A-9D94-01511C9C03D0}.Release|Any CPU.Build.0 = Release|Any CPU
		{D4F812EE-3516-E4A4-020D-EE7F66BB0670}.Debug|Any CPU.ActiveCfg = Debug|Any CPU
		{D4F812EE-3516-E4A4-020D-EE7F66BB0670}.Debug|Any CPU.Build.0 = Debug|Any CPU
		{D4F812EE-3516-E4A4-020D-EE7F66BB0670}.Release|Any CPU.ActiveCfg = Release|Any CPU
		{D4F812EE-3516-E4A4-020D-EE7F66BB0670}.Release|Any CPU.Build.0 = Release|Any CPU
		{C9587DB0-DE62-18A6-B5E3-BF820B8435AB}.Debug|Any CPU.ActiveCfg = Debug|Any CPU
		{C9587DB0-DE62-18A6-B5E3-BF820B8435AB}.Debug|Any CPU.Build.0 = Debug|Any CPU
		{C9587DB0-DE62-18A6-B5E3-BF820B8435AB}.Release|Any CPU.ActiveCfg = Release|Any CPU
		{C9587DB0-DE62-18A6-B5E3-BF820B8435AB}.Release|Any CPU.Build.0 = Release|Any CPU
		{70891BA5-7F0E-A48E-E6C9-069BB366B118}.Debug|Any CPU.ActiveCfg = Debug|Any CPU
		{70891BA5-7F0E-A48E-E6C9-069BB366B118}.Debug|Any CPU.Build.0 = Debug|Any CPU
		{70891BA5-7F0E-A48E-E6C9-069BB366B118}.Release|Any CPU.ActiveCfg = Release|Any CPU
		{70891BA5-7F0E-A48E-E6C9-069BB366B118}.Release|Any CPU.Build.0 = Release|Any CPU
		{EE16178D-17A6-BE46-D5F2-3B8593695275}.Debug|Any CPU.ActiveCfg = Debug|Any CPU
		{EE16178D-17A6-BE46-D5F2-3B8593695275}.Debug|Any CPU.Build.0 = Debug|Any CPU
		{EE16178D-17A6-BE46-D5F2-3B8593695275}.Release|Any CPU.ActiveCfg = Release|Any CPU
		{EE16178D-17A6-BE46-D5F2-3B8593695275}.Release|Any CPU.Build.0 = Release|Any CPU
		{14FCE28C-1230-B8E6-AD8A-3D4FE70CAC85}.Debug|Any CPU.ActiveCfg = Debug|Any CPU
		{14FCE28C-1230-B8E6-AD8A-3D4FE70CAC85}.Debug|Any CPU.Build.0 = Debug|Any CPU
		{14FCE28C-1230-B8E6-AD8A-3D4FE70CAC85}.Release|Any CPU.ActiveCfg = Release|Any CPU
		{14FCE28C-1230-B8E6-AD8A-3D4FE70CAC85}.Release|Any CPU.Build.0 = Release|Any CPU
		{4F06888D-5556-D980-3774-23A8D3ADD1EC}.Debug|Any CPU.ActiveCfg = Debug|Any CPU
		{4F06888D-5556-D980-3774-23A8D3ADD1EC}.Debug|Any CPU.Build.0 = Debug|Any CPU
		{4F06888D-5556-D980-3774-23A8D3ADD1EC}.Release|Any CPU.ActiveCfg = Release|Any CPU
		{4F06888D-5556-D980-3774-23A8D3ADD1EC}.Release|Any CPU.Build.0 = Release|Any CPU
		{4059DAFA-6249-68FB-2B17-B1DD70EEED21}.Debug|Any CPU.ActiveCfg = Debug|Any CPU
		{4059DAFA-6249-68FB-2B17-B1DD70EEED21}.Debug|Any CPU.Build.0 = Debug|Any CPU
		{4059DAFA-6249-68FB-2B17-B1DD70EEED21}.Release|Any CPU.ActiveCfg = Release|Any CPU
		{4059DAFA-6249-68FB-2B17-B1DD70EEED21}.Release|Any CPU.Build.0 = Release|Any CPU
		{D2DC5E6A-5E7B-04EB-7701-E9A66EE7084E}.Debug|Any CPU.ActiveCfg = Debug|Any CPU
		{D2DC5E6A-5E7B-04EB-7701-E9A66EE7084E}.Debug|Any CPU.Build.0 = Debug|Any CPU
		{D2DC5E6A-5E7B-04EB-7701-E9A66EE7084E}.Release|Any CPU.ActiveCfg = Release|Any CPU
		{D2DC5E6A-5E7B-04EB-7701-E9A66EE7084E}.Release|Any CPU.Build.0 = Release|Any CPU
		{7AB0EF3A-F93C-36DF-AB3E-C68BB14E39BE}.Debug|Any CPU.ActiveCfg = Debug|Any CPU
		{7AB0EF3A-F93C-36DF-AB3E-C68BB14E39BE}.Debug|Any CPU.Build.0 = Debug|Any CPU
		{7AB0EF3A-F93C-36DF-AB3E-C68BB14E39BE}.Release|Any CPU.ActiveCfg = Release|Any CPU
		{7AB0EF3A-F93C-36DF-AB3E-C68BB14E39BE}.Release|Any CPU.Build.0 = Release|Any CPU
		{0D7DB1FB-CA9B-D474-AB9B-B264E98C0B02}.Debug|Any CPU.ActiveCfg = Debug|Any CPU
		{0D7DB1FB-CA9B-D474-AB9B-B264E98C0B02}.Debug|Any CPU.Build.0 = Debug|Any CPU
		{0D7DB1FB-CA9B-D474-AB9B-B264E98C0B02}.Release|Any CPU.ActiveCfg = Release|Any CPU
		{0D7DB1FB-CA9B-D474-AB9B-B264E98C0B02}.Release|Any CPU.Build.0 = Release|Any CPU
		{23F1E5C7-8869-4157-9F43-4E74E24EDFD9}.Debug|Any CPU.ActiveCfg = Debug|Any CPU
		{23F1E5C7-8869-4157-9F43-4E74E24EDFD9}.Debug|Any CPU.Build.0 = Debug|Any CPU
		{23F1E5C7-8869-4157-9F43-4E74E24EDFD9}.Release|Any CPU.ActiveCfg = Release|Any CPU
		{23F1E5C7-8869-4157-9F43-4E74E24EDFD9}.Release|Any CPU.Build.0 = Release|Any CPU
		{8FCC99C6-722F-833D-AE20-5BDFC09D40B1}.Debug|Any CPU.ActiveCfg = Debug|Any CPU
		{8FCC99C6-722F-833D-AE20-5BDFC09D40B1}.Debug|Any CPU.Build.0 = Debug|Any CPU
		{8FCC99C6-722F-833D-AE20-5BDFC09D40B1}.Release|Any CPU.ActiveCfg = Release|Any CPU
		{8FCC99C6-722F-833D-AE20-5BDFC09D40B1}.Release|Any CPU.Build.0 = Release|Any CPU
		{E6A599C3-8F4D-155D-A70E-ADED8E98481B}.Debug|Any CPU.ActiveCfg = Debug|Any CPU
		{E6A599C3-8F4D-155D-A70E-ADED8E98481B}.Debug|Any CPU.Build.0 = Debug|Any CPU
		{E6A599C3-8F4D-155D-A70E-ADED8E98481B}.Release|Any CPU.ActiveCfg = Release|Any CPU
		{E6A599C3-8F4D-155D-A70E-ADED8E98481B}.Release|Any CPU.Build.0 = Release|Any CPU
		{5050D0A7-1B2B-2103-D933-7766CCF6E5EF}.Debug|Any CPU.ActiveCfg = Debug|Any CPU
		{5050D0A7-1B2B-2103-D933-7766CCF6E5EF}.Debug|Any CPU.Build.0 = Debug|Any CPU
		{5050D0A7-1B2B-2103-D933-7766CCF6E5EF}.Release|Any CPU.ActiveCfg = Release|Any CPU
		{5050D0A7-1B2B-2103-D933-7766CCF6E5EF}.Release|Any CPU.Build.0 = Release|Any CPU
		{A08FC5A8-E29E-007C-D7D6-D5E124FAB252}.Debug|Any CPU.ActiveCfg = Debug|Any CPU
		{A08FC5A8-E29E-007C-D7D6-D5E124FAB252}.Debug|Any CPU.Build.0 = Debug|Any CPU
		{A08FC5A8-E29E-007C-D7D6-D5E124FAB252}.Release|Any CPU.ActiveCfg = Release|Any CPU
		{A08FC5A8-E29E-007C-D7D6-D5E124FAB252}.Release|Any CPU.Build.0 = Release|Any CPU
		{98A1D40F-FF26-0016-CBCF-348D72FCEF65}.Debug|Any CPU.ActiveCfg = Debug|Any CPU
		{98A1D40F-FF26-0016-CBCF-348D72FCEF65}.Debug|Any CPU.Build.0 = Debug|Any CPU
		{98A1D40F-FF26-0016-CBCF-348D72FCEF65}.Release|Any CPU.ActiveCfg = Release|Any CPU
		{98A1D40F-FF26-0016-CBCF-348D72FCEF65}.Release|Any CPU.Build.0 = Release|Any CPU
		{4C2EF25E-BFC2-E4DF-3AEC-DEE69089F929}.Debug|Any CPU.ActiveCfg = Debug|Any CPU
		{4C2EF25E-BFC2-E4DF-3AEC-DEE69089F929}.Debug|Any CPU.Build.0 = Debug|Any CPU
		{4C2EF25E-BFC2-E4DF-3AEC-DEE69089F929}.Release|Any CPU.ActiveCfg = Release|Any CPU
		{4C2EF25E-BFC2-E4DF-3AEC-DEE69089F929}.Release|Any CPU.Build.0 = Release|Any CPU
		{C3A4D953-70F5-7E99-6604-5F7A882BD95F}.Debug|Any CPU.ActiveCfg = Debug|Any CPU
		{C3A4D953-70F5-7E99-6604-5F7A882BD95F}.Debug|Any CPU.Build.0 = Debug|Any CPU
		{C3A4D953-70F5-7E99-6604-5F7A882BD95F}.Release|Any CPU.ActiveCfg = Release|Any CPU
		{C3A4D953-70F5-7E99-6604-5F7A882BD95F}.Release|Any CPU.Build.0 = Release|Any CPU
		{AC6F9E76-231C-646F-387A-96956F1889AF}.Debug|Any CPU.ActiveCfg = Debug|Any CPU
		{AC6F9E76-231C-646F-387A-96956F1889AF}.Debug|Any CPU.Build.0 = Debug|Any CPU
		{AC6F9E76-231C-646F-387A-96956F1889AF}.Release|Any CPU.ActiveCfg = Release|Any CPU
		{AC6F9E76-231C-646F-387A-96956F1889AF}.Release|Any CPU.Build.0 = Release|Any CPU
		{43FAAC9A-9132-1DBF-8648-816BD5C7F394}.Debug|Any CPU.ActiveCfg = Debug|Any CPU
		{43FAAC9A-9132-1DBF-8648-816BD5C7F394}.Debug|Any CPU.Build.0 = Debug|Any CPU
		{43FAAC9A-9132-1DBF-8648-816BD5C7F394}.Release|Any CPU.ActiveCfg = Release|Any CPU
		{43FAAC9A-9132-1DBF-8648-816BD5C7F394}.Release|Any CPU.Build.0 = Release|Any CPU
		{25D171FD-C039-0558-9987-2D32F1D9939D}.Debug|Any CPU.ActiveCfg = Debug|Any CPU
		{25D171FD-C039-0558-9987-2D32F1D9939D}.Debug|Any CPU.Build.0 = Debug|Any CPU
		{25D171FD-C039-0558-9987-2D32F1D9939D}.Release|Any CPU.ActiveCfg = Release|Any CPU
		{25D171FD-C039-0558-9987-2D32F1D9939D}.Release|Any CPU.Build.0 = Release|Any CPU
		{0457EA55-2A75-5914-C978-667AA72470BE}.Debug|Any CPU.ActiveCfg = Debug|Any CPU
		{0457EA55-2A75-5914-C978-667AA72470BE}.Debug|Any CPU.Build.0 = Debug|Any CPU
		{0457EA55-2A75-5914-C978-667AA72470BE}.Release|Any CPU.ActiveCfg = Release|Any CPU
		{0457EA55-2A75-5914-C978-667AA72470BE}.Release|Any CPU.Build.0 = Release|Any CPU
		{33B7753D-DD1E-801C-D468-34694BD8CDA5}.Debug|Any CPU.ActiveCfg = Debug|Any CPU
		{33B7753D-DD1E-801C-D468-34694BD8CDA5}.Debug|Any CPU.Build.0 = Debug|Any CPU
		{33B7753D-DD1E-801C-D468-34694BD8CDA5}.Release|Any CPU.ActiveCfg = Release|Any CPU
		{33B7753D-DD1E-801C-D468-34694BD8CDA5}.Release|Any CPU.Build.0 = Release|Any CPU
		{CA7D7F36-0BF1-0C56-91FF-709A80EE39B4}.Debug|Any CPU.ActiveCfg = Debug|Any CPU
		{CA7D7F36-0BF1-0C56-91FF-709A80EE39B4}.Debug|Any CPU.Build.0 = Debug|Any CPU
		{CA7D7F36-0BF1-0C56-91FF-709A80EE39B4}.Release|Any CPU.ActiveCfg = Release|Any CPU
		{CA7D7F36-0BF1-0C56-91FF-709A80EE39B4}.Release|Any CPU.Build.0 = Release|Any CPU
		{5D8FD78A-9936-5C07-6AFD-F0726E0C4572}.Debug|Any CPU.ActiveCfg = Debug|Any CPU
		{5D8FD78A-9936-5C07-6AFD-F0726E0C4572}.Debug|Any CPU.Build.0 = Debug|Any CPU
		{5D8FD78A-9936-5C07-6AFD-F0726E0C4572}.Release|Any CPU.ActiveCfg = Release|Any CPU
		{5D8FD78A-9936-5C07-6AFD-F0726E0C4572}.Release|Any CPU.Build.0 = Release|Any CPU
		{094C31A4-6893-0080-8DEE-3C02DF0089E7}.Debug|Any CPU.ActiveCfg = Debug|Any CPU
		{094C31A4-6893-0080-8DEE-3C02DF0089E7}.Debug|Any CPU.Build.0 = Debug|Any CPU
		{094C31A4-6893-0080-8DEE-3C02DF0089E7}.Release|Any CPU.ActiveCfg = Release|Any CPU
		{094C31A4-6893-0080-8DEE-3C02DF0089E7}.Release|Any CPU.Build.0 = Release|Any CPU
		{58DAE848-4FD8-6CA8-F4A0-D107EB6C1336}.Debug|Any CPU.ActiveCfg = Debug|Any CPU
		{58DAE848-4FD8-6CA8-F4A0-D107EB6C1336}.Debug|Any CPU.Build.0 = Debug|Any CPU
		{58DAE848-4FD8-6CA8-F4A0-D107EB6C1336}.Release|Any CPU.ActiveCfg = Release|Any CPU
		{58DAE848-4FD8-6CA8-F4A0-D107EB6C1336}.Release|Any CPU.Build.0 = Release|Any CPU
		{F9150B0A-3EE7-D023-45C3-50F6CFB13E5C}.Debug|Any CPU.ActiveCfg = Debug|Any CPU
		{F9150B0A-3EE7-D023-45C3-50F6CFB13E5C}.Debug|Any CPU.Build.0 = Debug|Any CPU
		{F9150B0A-3EE7-D023-45C3-50F6CFB13E5C}.Release|Any CPU.ActiveCfg = Release|Any CPU
		{F9150B0A-3EE7-D023-45C3-50F6CFB13E5C}.Release|Any CPU.Build.0 = Release|Any CPU
		{8510536C-C750-CF49-C14C-31BF482BF75B}.Debug|Any CPU.ActiveCfg = Debug|Any CPU
		{8510536C-C750-CF49-C14C-31BF482BF75B}.Debug|Any CPU.Build.0 = Debug|Any CPU
		{8510536C-C750-CF49-C14C-31BF482BF75B}.Release|Any CPU.ActiveCfg = Release|Any CPU
		{8510536C-C750-CF49-C14C-31BF482BF75B}.Release|Any CPU.Build.0 = Release|Any CPU
		{3558EA9F-4598-C20D-5C00-F6DDE6FA787F}.Debug|Any CPU.ActiveCfg = Debug|Any CPU
		{3558EA9F-4598-C20D-5C00-F6DDE6FA787F}.Debug|Any CPU.Build.0 = Debug|Any CPU
		{3558EA9F-4598-C20D-5C00-F6DDE6FA787F}.Release|Any CPU.ActiveCfg = Release|Any CPU
		{3558EA9F-4598-C20D-5C00-F6DDE6FA787F}.Release|Any CPU.Build.0 = Release|Any CPU
		{8D4A350F-58FB-BECA-B370-46EFF3736EDA}.Debug|Any CPU.ActiveCfg = Debug|Any CPU
		{8D4A350F-58FB-BECA-B370-46EFF3736EDA}.Debug|Any CPU.Build.0 = Debug|Any CPU
		{8D4A350F-58FB-BECA-B370-46EFF3736EDA}.Release|Any CPU.ActiveCfg = Release|Any CPU
		{8D4A350F-58FB-BECA-B370-46EFF3736EDA}.Release|Any CPU.Build.0 = Release|Any CPU
		{5F7B8DBC-A83E-5A4E-7958-FFC7083A0F0D}.Debug|Any CPU.ActiveCfg = Debug|Any CPU
		{5F7B8DBC-A83E-5A4E-7958-FFC7083A0F0D}.Debug|Any CPU.Build.0 = Debug|Any CPU
		{5F7B8DBC-A83E-5A4E-7958-FFC7083A0F0D}.Release|Any CPU.ActiveCfg = Release|Any CPU
		{5F7B8DBC-A83E-5A4E-7958-FFC7083A0F0D}.Release|Any CPU.Build.0 = Release|Any CPU
		{08373901-F958-D9CA-77C6-82D8EABFDB88}.Debug|Any CPU.ActiveCfg = Debug|Any CPU
		{08373901-F958-D9CA-77C6-82D8EABFDB88}.Debug|Any CPU.Build.0 = Debug|Any CPU
		{08373901-F958-D9CA-77C6-82D8EABFDB88}.Release|Any CPU.ActiveCfg = Release|Any CPU
		{08373901-F958-D9CA-77C6-82D8EABFDB88}.Release|Any CPU.Build.0 = Release|Any CPU
		{69A17307-CB9F-4935-12B4-CA4297DB1E61}.Debug|Any CPU.ActiveCfg = Debug|Any CPU
		{69A17307-CB9F-4935-12B4-CA4297DB1E61}.Debug|Any CPU.Build.0 = Debug|Any CPU
		{69A17307-CB9F-4935-12B4-CA4297DB1E61}.Release|Any CPU.ActiveCfg = Release|Any CPU
		{69A17307-CB9F-4935-12B4-CA4297DB1E61}.Release|Any CPU.Build.0 = Release|Any CPU
		{F24453B0-1E82-674D-5A0A-42403AA8BB6A}.Debug|Any CPU.ActiveCfg = Debug|Any CPU
		{F24453B0-1E82-674D-5A0A-42403AA8BB6A}.Debug|Any CPU.Build.0 = Debug|Any CPU
		{F24453B0-1E82-674D-5A0A-42403AA8BB6A}.Release|Any CPU.ActiveCfg = Release|Any CPU
		{F24453B0-1E82-674D-5A0A-42403AA8BB6A}.Release|Any CPU.Build.0 = Release|Any CPU
		{6ADD11B0-E652-2054-2948-29411A859FD3}.Debug|Any CPU.ActiveCfg = Debug|Any CPU
		{6ADD11B0-E652-2054-2948-29411A859FD3}.Debug|Any CPU.Build.0 = Debug|Any CPU
		{6ADD11B0-E652-2054-2948-29411A859FD3}.Release|Any CPU.ActiveCfg = Release|Any CPU
		{6ADD11B0-E652-2054-2948-29411A859FD3}.Release|Any CPU.Build.0 = Release|Any CPU
		{C6F5C3BD-346A-D436-7056-AE681BE26C16}.Debug|Any CPU.ActiveCfg = Debug|Any CPU
		{C6F5C3BD-346A-D436-7056-AE681BE26C16}.Debug|Any CPU.Build.0 = Debug|Any CPU
		{C6F5C3BD-346A-D436-7056-AE681BE26C16}.Release|Any CPU.ActiveCfg = Release|Any CPU
		{C6F5C3BD-346A-D436-7056-AE681BE26C16}.Release|Any CPU.Build.0 = Release|Any CPU
		{7AA15EDE-C67C-F8BE-2EC2-4E85CC147C06}.Debug|Any CPU.ActiveCfg = Debug|Any CPU
		{7AA15EDE-C67C-F8BE-2EC2-4E85CC147C06}.Debug|Any CPU.Build.0 = Debug|Any CPU
		{7AA15EDE-C67C-F8BE-2EC2-4E85CC147C06}.Release|Any CPU.ActiveCfg = Release|Any CPU
		{7AA15EDE-C67C-F8BE-2EC2-4E85CC147C06}.Release|Any CPU.Build.0 = Release|Any CPU
		{5E5FC0B7-F9A2-2F61-CB70-F237B638FE15}.Debug|Any CPU.ActiveCfg = Debug|Any CPU
		{5E5FC0B7-F9A2-2F61-CB70-F237B638FE15}.Debug|Any CPU.Build.0 = Debug|Any CPU
		{5E5FC0B7-F9A2-2F61-CB70-F237B638FE15}.Release|Any CPU.ActiveCfg = Release|Any CPU
		{5E5FC0B7-F9A2-2F61-CB70-F237B638FE15}.Release|Any CPU.Build.0 = Release|Any CPU
		{059DBCB0-880E-59DF-BA55-8EAE32E1ABBB}.Debug|Any CPU.ActiveCfg = Debug|Any CPU
		{059DBCB0-880E-59DF-BA55-8EAE32E1ABBB}.Debug|Any CPU.Build.0 = Debug|Any CPU
		{059DBCB0-880E-59DF-BA55-8EAE32E1ABBB}.Release|Any CPU.ActiveCfg = Release|Any CPU
		{059DBCB0-880E-59DF-BA55-8EAE32E1ABBB}.Release|Any CPU.Build.0 = Release|Any CPU
		{E091A859-2461-66D2-B656-8FA42FF74AA7}.Debug|Any CPU.ActiveCfg = Debug|Any CPU
		{E091A859-2461-66D2-B656-8FA42FF74AA7}.Debug|Any CPU.Build.0 = Debug|Any CPU
		{E091A859-2461-66D2-B656-8FA42FF74AA7}.Release|Any CPU.ActiveCfg = Release|Any CPU
		{E091A859-2461-66D2-B656-8FA42FF74AA7}.Release|Any CPU.Build.0 = Release|Any CPU
		{D81C87FD-501A-2DE1-7D6F-A903C0EC49C9}.Debug|Any CPU.ActiveCfg = Debug|Any CPU
		{D81C87FD-501A-2DE1-7D6F-A903C0EC49C9}.Debug|Any CPU.Build.0 = Debug|Any CPU
		{D81C87FD-501A-2DE1-7D6F-A903C0EC49C9}.Release|Any CPU.ActiveCfg = Release|Any CPU
		{D81C87FD-501A-2DE1-7D6F-A903C0EC49C9}.Release|Any CPU.Build.0 = Release|Any CPU
		{6E296488-6CE2-06C6-B97F-AC9560558D21}.Debug|Any CPU.ActiveCfg = Debug|Any CPU
		{6E296488-6CE2-06C6-B97F-AC9560558D21}.Debug|Any CPU.Build.0 = Debug|Any CPU
		{6E296488-6CE2-06C6-B97F-AC9560558D21}.Release|Any CPU.ActiveCfg = Release|Any CPU
		{6E296488-6CE2-06C6-B97F-AC9560558D21}.Release|Any CPU.Build.0 = Release|Any CPU
		{61AE28F4-D166-5638-208A-E0C48DF8909B}.Debug|Any CPU.ActiveCfg = Debug|Any CPU
		{61AE28F4-D166-5638-208A-E0C48DF8909B}.Debug|Any CPU.Build.0 = Debug|Any CPU
		{61AE28F4-D166-5638-208A-E0C48DF8909B}.Release|Any CPU.ActiveCfg = Release|Any CPU
		{61AE28F4-D166-5638-208A-E0C48DF8909B}.Release|Any CPU.Build.0 = Release|Any CPU
		{656B25ED-E51B-37FF-FD28-C76F3BCF9399}.Debug|Any CPU.ActiveCfg = Debug|Any CPU
		{656B25ED-E51B-37FF-FD28-C76F3BCF9399}.Debug|Any CPU.Build.0 = Debug|Any CPU
		{656B25ED-E51B-37FF-FD28-C76F3BCF9399}.Release|Any CPU.ActiveCfg = Release|Any CPU
		{656B25ED-E51B-37FF-FD28-C76F3BCF9399}.Release|Any CPU.Build.0 = Release|Any CPU
		{1CB088CA-DACF-56A7-0906-48D2CD182A6A}.Debug|Any CPU.ActiveCfg = Debug|Any CPU
		{1CB088CA-DACF-56A7-0906-48D2CD182A6A}.Debug|Any CPU.Build.0 = Debug|Any CPU
		{1CB088CA-DACF-56A7-0906-48D2CD182A6A}.Release|Any CPU.ActiveCfg = Release|Any CPU
		{1CB088CA-DACF-56A7-0906-48D2CD182A6A}.Release|Any CPU.Build.0 = Release|Any CPU
	EndGlobalSection
	GlobalSection(SolutionProperties) = preSolution
		HideSolutionNode = FALSE
	EndGlobalSection
EndGlobal
